Microsoft Visual Studio Solution File, Format Version 12.00
# Visual Studio Version 18
VisualStudioVersion = 18.0.0.0
MinimumVisualStudioVersion = 10.0.40219.1
Project("{2150E333-8FDC-42A3-9474-1A3956D46DE8}") = "Core", "Core", "{BBF4593E-AC59-8A1D-50C8-31E90D6AFC91}"
EndProject
Project("{2150E333-8FDC-42A3-9474-1A3956D46DE8}") = "Modules", "Modules", "{6225576A-36DC-8F78-7EF0-ED5DBDB8482C}"
EndProject
Project("{2150E333-8FDC-42A3-9474-1A3956D46DE8}") = "Tests", "Tests", "{D77586E2-30E1-8D6F-003F-5A1A7CAC30DE}"
EndProject
Project("{2150E333-8FDC-42A3-9474-1A3956D46DE8}") = "Accounting", "Accounting", "{59EB7C3C-83B3-CCA7-3011-954CD63AB3A2}"
EndProject
Project("{2150E333-8FDC-42A3-9474-1A3956D46DE8}") = "Audit", "Audit", "{4D27CB48-06E8-B414-3DA5-F933EFCA3B4D}"
EndProject
Project("{2150E333-8FDC-42A3-9474-1A3956D46DE8}") = "Banking", "Banking", "{57D05981-B67D-E2D4-4990-B504249CFFED}"
EndProject
Project("{2150E333-8FDC-42A3-9474-1A3956D46DE8}") = "Budgeting", "Budgeting", "{D129E7A0-552A-8425-48BD-550C9E6A1D97}"
EndProject
Project("{2150E333-8FDC-42A3-9474-1A3956D46DE8}") = "Capabilities", "Capabilities", "{11BDBDDF-2010-0958-5C57-18E5105E7C47}"
EndProject
Project("{2150E333-8FDC-42A3-9474-1A3956D46DE8}") = "Consolidation", "Consolidation", "{8E0FEF57-A537-A0D0-23D5-2EDFA6EA86E2}"
EndProject
Project("{2150E333-8FDC-42A3-9474-1A3956D46DE8}") = "Counterparties", "Counterparties", "{8C36A8B9-54F0-2247-481F-AE7151A21CEF}"
EndProject
Project("{2150E333-8FDC-42A3-9474-1A3956D46DE8}") = "Currencies", "Currencies", "{00364DBE-974A-B249-B765-B27F4E44202F}"
EndProject
Project("{2150E333-8FDC-42A3-9474-1A3956D46DE8}") = "Documents", "Documents", "{5F875885-ADF3-EC40-445D-B3C73ABEE9AE}"
EndProject
Project("{2150E333-8FDC-42A3-9474-1A3956D46DE8}") = "Experience", "Experience", "{5B9FD949-C611-A497-8B0A-FF08CCCC4D1B}"
EndProject
Project("{2150E333-8FDC-42A3-9474-1A3956D46DE8}") = "FixedAssets", "FixedAssets", "{559270DC-C99B-C2B4-8130-9726367648AB}"
EndProject
Project("{2150E333-8FDC-42A3-9474-1A3956D46DE8}") = "Identity", "Identity", "{2BFFC2BB-E986-3E98-518F-1567F972B809}"
EndProject
Project("{2150E333-8FDC-42A3-9474-1A3956D46DE8}") = "Integrations", "Integrations", "{CEA6C1FA-0194-32C8-BA9C-FC6E3BDCBB08}"
EndProject
Project("{2150E333-8FDC-42A3-9474-1A3956D46DE8}") = "Inventory", "Inventory", "{CE56D2DF-7B83-8DF9-01A1-43AF97127A22}"
EndProject
Project("{2150E333-8FDC-42A3-9474-1A3956D46DE8}") = "Organizations", "Organizations", "{A6966D7B-35EE-AAD4-A01C-0C425D3895F2}"
EndProject
Project("{2150E333-8FDC-42A3-9474-1A3956D46DE8}") = "Payments", "Payments", "{91E6DF46-4AEC-026D-2809-938BAE9462E5}"
EndProject
Project("{2150E333-8FDC-42A3-9474-1A3956D46DE8}") = "Payroll", "Payroll", "{5130C43A-B901-DAFB-FD98-8BCB36F44499}"
EndProject
Project("{2150E333-8FDC-42A3-9474-1A3956D46DE8}") = "Projects", "Projects", "{B13B96D7-09E8-7EB0-E77B-CF8B80DEEE93}"
EndProject
Project("{2150E333-8FDC-42A3-9474-1A3956D46DE8}") = "Purchases", "Purchases", "{D0FF3263-E40D-D5C5-65F0-053A8A5081FD}"
EndProject
Project("{2150E333-8FDC-42A3-9474-1A3956D46DE8}") = "Reporting", "Reporting", "{726BF24D-4E48-CD3B-0D22-BF50D5E0436A}"
EndProject
Project("{2150E333-8FDC-42A3-9474-1A3956D46DE8}") = "Sales", "Sales", "{DE628757-50CC-3470-6BD7-EA12C8C43B1B}"
EndProject
Project("{2150E333-8FDC-42A3-9474-1A3956D46DE8}") = "Tax", "Tax", "{7D20A7DA-E1DE-2BD3-099C-56F38AC4E842}"
EndProject
Project("{2150E333-8FDC-42A3-9474-1A3956D46DE8}") = "Workflows", "Workflows", "{E7C14C61-DFE3-3F33-6420-D8F2D97EBBC3}"
EndProject
Project("{FAE04EC0-301F-11D3-BF4B-00C04F79EFBC}") = "Fintrox.Api", "src\Fintrox.Api\Fintrox.Api.csproj", "{63F49415-0435-4350-E05A-20A4F462E46F}"
EndProject
Project("{FAE04EC0-301F-11D3-BF4B-00C04F79EFBC}") = "Fintrox.Application", "src\Fintrox.Application\Fintrox.Application.csproj", "{A6E44AB9-2E0B-0DD2-FC62-AB363AD6D269}"
EndProject
Project("{FAE04EC0-301F-11D3-BF4B-00C04F79EFBC}") = "Fintrox.Contracts", "src\Fintrox.Contracts\Fintrox.Contracts.csproj", "{20E72165-F891-F14A-037A-D1AD36EAFBEB}"
EndProject
Project("{FAE04EC0-301F-11D3-BF4B-00C04F79EFBC}") = "Fintrox.Domain", "src\Fintrox.Domain\Fintrox.Domain.csproj", "{23E15767-400E-2BA4-9CD6-084560CCDCD8}"
EndProject
Project("{FAE04EC0-301F-11D3-BF4B-00C04F79EFBC}") = "Fintrox.Infrastructure", "src\Fintrox.Infrastructure\Fintrox.Infrastructure.csproj", "{68498931-E66B-594C-CE73-3105F6CE2818}"
EndProject
Project("{FAE04EC0-301F-11D3-BF4B-00C04F79EFBC}") = "Fintrox.Modules.Accounting.Application", "src\Modules\Accounting\Fintrox.Modules.Accounting.Application\Fintrox.Modules.Accounting.Application.csproj", "{835ED7D5-F426-B8FF-ADCB-3BA1C7FA59ED}"
EndProject
Project("{FAE04EC0-301F-11D3-BF4B-00C04F79EFBC}") = "Fintrox.Modules.Accounting.Contracts", "src\Modules\Accounting\Fintrox.Modules.Accounting.Contracts\Fintrox.Modules.Accounting.Contracts.csproj", "{D1FA06D7-8118-E2F1-C40E-330B13EC4516}"
EndProject
Project("{FAE04EC0-301F-11D3-BF4B-00C04F79EFBC}") = "Fintrox.Modules.Accounting.Domain", "src\Modules\Accounting\Fintrox.Modules.Accounting.Domain\Fintrox.Modules.Accounting.Domain.csproj", "{EC52B0EB-B7A0-135D-5481-FF0FE398E321}"
EndProject
Project("{FAE04EC0-301F-11D3-BF4B-00C04F79EFBC}") = "Fintrox.Modules.Accounting.Infrastructure", "src\Modules\Accounting\Fintrox.Modules.Accounting.Infrastructure\Fintrox.Modules.Accounting.Infrastructure.csproj", "{54665C7F-A9FC-2BBB-CC12-7FDD392C65EE}"
EndProject
Project("{FAE04EC0-301F-11D3-BF4B-00C04F79EFBC}") = "Fintrox.Modules.Accounting.Presentation", "src\Modules\Accounting\Fintrox.Modules.Accounting.Presentation\Fintrox.Modules.Accounting.Presentation.csproj", "{D47EC1E3-83A6-4995-1E43-9DEBB1289DE5}"
EndProject
Project("{FAE04EC0-301F-11D3-BF4B-00C04F79EFBC}") = "Fintrox.Modules.Audit.Application", "src\Modules\Audit\Fintrox.Modules.Audit.Application\Fintrox.Modules.Audit.Application.csproj", "{866CADF3-2008-33A4-03B2-B5C8B22C23BA}"
EndProject
Project("{FAE04EC0-301F-11D3-BF4B-00C04F79EFBC}") = "Fintrox.Modules.Audit.Contracts", "src\Modules\Audit\Fintrox.Modules.Audit.Contracts\Fintrox.Modules.Audit.Contracts.csproj", "{3BE542E3-AA37-5AE5-C491-610026AC6EA6}"
EndProject
Project("{FAE04EC0-301F-11D3-BF4B-00C04F79EFBC}") = "Fintrox.Modules.Audit.Domain", "src\Modules\Audit\Fintrox.Modules.Audit.Domain\Fintrox.Modules.Audit.Domain.csproj", "{A51A7F41-5E30-654D-82AC-C05755D2DC9C}"
EndProject
Project("{FAE04EC0-301F-11D3-BF4B-00C04F79EFBC}") = "Fintrox.Modules.Audit.Infrastructure", "src\Modules\Audit\Fintrox.Modules.Audit.Infrastructure\Fintrox.Modules.Audit.Infrastructure.csproj", "{C7D7B8F7-211A-176C-20FD-D0BB495001E7}"
EndProject
Project("{FAE04EC0-301F-11D3-BF4B-00C04F79EFBC}") = "Fintrox.Modules.Audit.Presentation", "src\Modules\Audit\Fintrox.Modules.Audit.Presentation\Fintrox.Modules.Audit.Presentation.csproj", "{B43C7EB1-4370-5A02-DEF1-EE3E92AA9D81}"
EndProject
Project("{FAE04EC0-301F-11D3-BF4B-00C04F79EFBC}") = "Fintrox.Modules.Banking.Application", "src\Modules\Banking\Fintrox.Modules.Banking.Application\Fintrox.Modules.Banking.Application.csproj", "{9CCE7908-B927-F97C-5382-65B2D68CEAA5}"
EndProject
Project("{FAE04EC0-301F-11D3-BF4B-00C04F79EFBC}") = "Fintrox.Modules.Banking.Contracts", "src\Modules\Banking\Fintrox.Modules.Banking.Contracts\Fintrox.Modules.Banking.Contracts.csproj", "{2BAF0C64-E80D-8C00-4B79-A7AFCEC0A374}"
EndProject
Project("{FAE04EC0-301F-11D3-BF4B-00C04F79EFBC}") = "Fintrox.Modules.Banking.Domain", "src\Modules\Banking\Fintrox.Modules.Banking.Domain\Fintrox.Modules.Banking.Domain.csproj", "{7CAB3F70-A18C-2B59-8C62-57F271EC2DEE}"
EndProject
Project("{FAE04EC0-301F-11D3-BF4B-00C04F79EFBC}") = "Fintrox.Modules.Banking.Infrastructure", "src\Modules\Banking\Fintrox.Modules.Banking.Infrastructure\Fintrox.Modules.Banking.Infrastructure.csproj", "{FA52D2B6-79C9-6226-EBBA-987419E69273}"
EndProject
Project("{FAE04EC0-301F-11D3-BF4B-00C04F79EFBC}") = "Fintrox.Modules.Banking.Presentation", "src\Modules\Banking\Fintrox.Modules.Banking.Presentation\Fintrox.Modules.Banking.Presentation.csproj", "{E84049F8-0EC8-5FBD-D977-B7FDA2FCD7BF}"
EndProject
Project("{FAE04EC0-301F-11D3-BF4B-00C04F79EFBC}") = "Fintrox.Modules.Budgeting.Application", "src\Modules\Budgeting\Fintrox.Modules.Budgeting.Application\Fintrox.Modules.Budgeting.Application.csproj", "{F32F5C3B-D9C5-1E31-C960-ED1ED24410A5}"
EndProject
Project("{FAE04EC0-301F-11D3-BF4B-00C04F79EFBC}") = "Fintrox.Modules.Budgeting.Contracts", "src\Modules\Budgeting\Fintrox.Modules.Budgeting.Contracts\Fintrox.Modules.Budgeting.Contracts.csproj", "{6F35A49B-561E-F3AB-C42A-9C9E607C9234}"
EndProject
Project("{FAE04EC0-301F-11D3-BF4B-00C04F79EFBC}") = "Fintrox.Modules.Budgeting.Domain", "src\Modules\Budgeting\Fintrox.Modules.Budgeting.Domain\Fintrox.Modules.Budgeting.Domain.csproj", "{77BEC819-DF21-DE3B-54E6-A985E9EA8BC7}"
EndProject
Project("{FAE04EC0-301F-11D3-BF4B-00C04F79EFBC}") = "Fintrox.Modules.Budgeting.Infrastructure", "src\Modules\Budgeting\Fintrox.Modules.Budgeting.Infrastructure\Fintrox.Modules.Budgeting.Infrastructure.csproj", "{717BD357-E198-673E-36EF-16450508D777}"
EndProject
Project("{FAE04EC0-301F-11D3-BF4B-00C04F79EFBC}") = "Fintrox.Modules.Budgeting.Presentation", "src\Modules\Budgeting\Fintrox.Modules.Budgeting.Presentation\Fintrox.Modules.Budgeting.Presentation.csproj", "{3AED7699-1CE8-40D6-1053-7A3B42C20CBB}"
EndProject
Project("{FAE04EC0-301F-11D3-BF4B-00C04F79EFBC}") = "Fintrox.Modules.Capabilities.Application", "src\Modules\Capabilities\Fintrox.Modules.Capabilities.Application\Fintrox.Modules.Capabilities.Application.csproj", "{E3C09AE2-CB1A-18F4-5EA2-FB34A65A95B8}"
EndProject
Project("{FAE04EC0-301F-11D3-BF4B-00C04F79EFBC}") = "Fintrox.Modules.Capabilities.Contracts", "src\Modules\Capabilities\Fintrox.Modules.Capabilities.Contracts\Fintrox.Modules.Capabilities.Contracts.csproj", "{42DBCABC-539E-2D12-03A7-6FC9B0A85039}"
EndProject
Project("{FAE04EC0-301F-11D3-BF4B-00C04F79EFBC}") = "Fintrox.Modules.Capabilities.Domain", "src\Modules\Capabilities\Fintrox.Modules.Capabilities.Domain\Fintrox.Modules.Capabilities.Domain.csproj", "{FD69F08A-0AF5-DBDA-2BCC-26B347822139}"
EndProject
Project("{FAE04EC0-301F-11D3-BF4B-00C04F79EFBC}") = "Fintrox.Modules.Capabilities.Infrastructure", "src\Modules\Capabilities\Fintrox.Modules.Capabilities.Infrastructure\Fintrox.Modules.Capabilities.Infrastructure.csproj", "{37C0186A-7AB5-5029-CB4C-67E970B2B1F9}"
EndProject
Project("{FAE04EC0-301F-11D3-BF4B-00C04F79EFBC}") = "Fintrox.Modules.Capabilities.Presentation", "src\Modules\Capabilities\Fintrox.Modules.Capabilities.Presentation\Fintrox.Modules.Capabilities.Presentation.csproj", "{F2EEB07E-52A7-BF09-D257-4DE7F39E80F0}"
EndProject
Project("{FAE04EC0-301F-11D3-BF4B-00C04F79EFBC}") = "Fintrox.Modules.Consolidation.Application", "src\Modules\Consolidation\Fintrox.Modules.Consolidation.Application\Fintrox.Modules.Consolidation.Application.csproj", "{EF958596-3377-8DEA-77E0-627F003A4497}"
EndProject
Project("{FAE04EC0-301F-11D3-BF4B-00C04F79EFBC}") = "Fintrox.Modules.Consolidation.Contracts", "src\Modules\Consolidation\Fintrox.Modules.Consolidation.Contracts\Fintrox.Modules.Consolidation.Contracts.csproj", "{A2B3EFDE-B058-85B2-AD8E-270190F21DD6}"
EndProject
Project("{FAE04EC0-301F-11D3-BF4B-00C04F79EFBC}") = "Fintrox.Modules.Consolidation.Domain", "src\Modules\Consolidation\Fintrox.Modules.Consolidation.Domain\Fintrox.Modules.Consolidation.Domain.csproj", "{6C56A17E-81C2-87F5-4460-EBA37552C5A2}"
EndProject
Project("{FAE04EC0-301F-11D3-BF4B-00C04F79EFBC}") = "Fintrox.Modules.Consolidation.Infrastructure", "src\Modules\Consolidation\Fintrox.Modules.Consolidation.Infrastructure\Fintrox.Modules.Consolidation.Infrastructure.csproj", "{C380E538-4358-8C49-6132-4FC990F8226A}"
EndProject
Project("{FAE04EC0-301F-11D3-BF4B-00C04F79EFBC}") = "Fintrox.Modules.Consolidation.Presentation", "src\Modules\Consolidation\Fintrox.Modules.Consolidation.Presentation\Fintrox.Modules.Consolidation.Presentation.csproj", "{0F211892-86A0-12B5-7157-1D9413F6F7F7}"
EndProject
Project("{FAE04EC0-301F-11D3-BF4B-00C04F79EFBC}") = "Fintrox.Modules.Counterparties.Application", "src\Modules\Counterparties\Fintrox.Modules.Counterparties.Application\Fintrox.Modules.Counterparties.Application.csproj", "{277B6400-740C-AC1A-B1B5-8B618642C5B9}"
EndProject
Project("{FAE04EC0-301F-11D3-BF4B-00C04F79EFBC}") = "Fintrox.Modules.Counterparties.Contracts", "src\Modules\Counterparties\Fintrox.Modules.Counterparties.Contracts\Fintrox.Modules.Counterparties.Contracts.csproj", "{6C7DEB96-79D6-77D8-53F9-1BA56BE82A2F}"
EndProject
Project("{FAE04EC0-301F-11D3-BF4B-00C04F79EFBC}") = "Fintrox.Modules.Counterparties.Domain", "src\Modules\Counterparties\Fintrox.Modules.Counterparties.Domain\Fintrox.Modules.Counterparties.Domain.csproj", "{5FA033C0-64F0-3445-6C2A-6BE568BA08DA}"
EndProject
Project("{FAE04EC0-301F-11D3-BF4B-00C04F79EFBC}") = "Fintrox.Modules.Counterparties.Infrastructure", "src\Modules\Counterparties\Fintrox.Modules.Counterparties.Infrastructure\Fintrox.Modules.Counterparties.Infrastructure.csproj", "{A86692F0-058D-8C45-9E6E-2423A61A9BE3}"
EndProject
Project("{FAE04EC0-301F-11D3-BF4B-00C04F79EFBC}") = "Fintrox.Modules.Counterparties.Presentation", "src\Modules\Counterparties\Fintrox.Modules.Counterparties.Presentation\Fintrox.Modules.Counterparties.Presentation.csproj", "{75C66E68-6C9F-FAF5-CCAA-8F330EAAA035}"
EndProject
Project("{FAE04EC0-301F-11D3-BF4B-00C04F79EFBC}") = "Fintrox.Modules.Currencies.Application", "src\Modules\Currencies\Fintrox.Modules.Currencies.Application\Fintrox.Modules.Currencies.Application.csproj", "{99A91A77-4109-A53A-F19B-3C93613CB092}"
EndProject
Project("{FAE04EC0-301F-11D3-BF4B-00C04F79EFBC}") = "Fintrox.Modules.Currencies.Contracts", "src\Modules\Currencies\Fintrox.Modules.Currencies.Contracts\Fintrox.Modules.Currencies.Contracts.csproj", "{4C8D6B0D-611B-195A-9867-55D7CF8AF97C}"
EndProject
Project("{FAE04EC0-301F-11D3-BF4B-00C04F79EFBC}") = "Fintrox.Modules.Currencies.Domain", "src\Modules\Currencies\Fintrox.Modules.Currencies.Domain\Fintrox.Modules.Currencies.Domain.csproj", "{42AEF195-DFB8-4244-8621-00EACD5A5999}"
EndProject
Project("{FAE04EC0-301F-11D3-BF4B-00C04F79EFBC}") = "Fintrox.Modules.Currencies.Infrastructure", "src\Modules\Currencies\Fintrox.Modules.Currencies.Infrastructure\Fintrox.Modules.Currencies.Infrastructure.csproj", "{90CCF3FD-E0CE-B80A-E6C3-28C6BF0A060D}"
EndProject
Project("{FAE04EC0-301F-11D3-BF4B-00C04F79EFBC}") = "Fintrox.Modules.Currencies.Presentation", "src\Modules\Currencies\Fintrox.Modules.Currencies.Presentation\Fintrox.Modules.Currencies.Presentation.csproj", "{BB2077D1-F610-79C2-43D7-C2E2A48EB5C7}"
EndProject
Project("{FAE04EC0-301F-11D3-BF4B-00C04F79EFBC}") = "Fintrox.Modules.Documents.Application", "src\Modules\Documents\Fintrox.Modules.Documents.Application\Fintrox.Modules.Documents.Application.csproj", "{EB56E524-DF8B-6F64-39A0-84326E4EE62B}"
EndProject
Project("{FAE04EC0-301F-11D3-BF4B-00C04F79EFBC}") = "Fintrox.Modules.Documents.Contracts", "src\Modules\Documents\Fintrox.Modules.Documents.Contracts\Fintrox.Modules.Documents.Contracts.csproj", "{CF677BBC-2F0A-B3B7-9E01-7CD0B22EB10B}"
EndProject
Project("{FAE04EC0-301F-11D3-BF4B-00C04F79EFBC}") = "Fintrox.Modules.Documents.Domain", "src\Modules\Documents\Fintrox.Modules.Documents.Domain\Fintrox.Modules.Documents.Domain.csproj", "{F146EE94-409A-23CB-4846-D28D14EE08DC}"
EndProject
Project("{FAE04EC0-301F-11D3-BF4B-00C04F79EFBC}") = "Fintrox.Modules.Documents.Infrastructure", "src\Modules\Documents\Fintrox.Modules.Documents.Infrastructure\Fintrox.Modules.Documents.Infrastructure.csproj", "{E50DC7EA-112E-3B70-9360-DE7D1654824E}"
EndProject
Project("{FAE04EC0-301F-11D3-BF4B-00C04F79EFBC}") = "Fintrox.Modules.Documents.Presentation", "src\Modules\Documents\Fintrox.Modules.Documents.Presentation\Fintrox.Modules.Documents.Presentation.csproj", "{B07A5074-7BDD-4E7E-7732-FE04C5CE0CEF}"
EndProject
Project("{FAE04EC0-301F-11D3-BF4B-00C04F79EFBC}") = "Fintrox.Modules.Experience.Application", "src\Modules\Experience\Fintrox.Modules.Experience.Application\Fintrox.Modules.Experience.Application.csproj", "{EB283A10-97E1-D82E-8293-3306908C1572}"
EndProject
Project("{FAE04EC0-301F-11D3-BF4B-00C04F79EFBC}") = "Fintrox.Modules.Experience.Contracts", "src\Modules\Experience\Fintrox.Modules.Experience.Contracts\Fintrox.Modules.Experience.Contracts.csproj", "{379BAFB2-EF4E-ECC5-CD98-DB5E69F222D6}"
EndProject
Project("{FAE04EC0-301F-11D3-BF4B-00C04F79EFBC}") = "Fintrox.Modules.Experience.Domain", "src\Modules\Experience\Fintrox.Modules.Experience.Domain\Fintrox.Modules.Experience.Domain.csproj", "{79AD5AC0-2C7F-B3E9-E531-CA440E5CC94E}"
EndProject
Project("{FAE04EC0-301F-11D3-BF4B-00C04F79EFBC}") = "Fintrox.Modules.Experience.Infrastructure", "src\Modules\Experience\Fintrox.Modules.Experience.Infrastructure\Fintrox.Modules.Experience.Infrastructure.csproj", "{360EF020-C283-218A-8BDE-178497CC495D}"
EndProject
Project("{FAE04EC0-301F-11D3-BF4B-00C04F79EFBC}") = "Fintrox.Modules.Experience.Presentation", "src\Modules\Experience\Fintrox.Modules.Experience.Presentation\Fintrox.Modules.Experience.Presentation.csproj", "{210AE488-C60C-1B1E-BC15-3A1461147A19}"
EndProject
Project("{FAE04EC0-301F-11D3-BF4B-00C04F79EFBC}") = "Fintrox.Modules.FixedAssets.Application", "src\Modules\FixedAssets\Fintrox.Modules.FixedAssets.Application\Fintrox.Modules.FixedAssets.Application.csproj", "{FBB07ECB-440B-16DF-FFB6-ED6F8A1CBBBD}"
EndProject
Project("{FAE04EC0-301F-11D3-BF4B-00C04F79EFBC}") = "Fintrox.Modules.FixedAssets.Contracts", "src\Modules\FixedAssets\Fintrox.Modules.FixedAssets.Contracts\Fintrox.Modules.FixedAssets.Contracts.csproj", "{8CF663FF-1658-A81A-9538-24EC9A488360}"
EndProject
Project("{FAE04EC0-301F-11D3-BF4B-00C04F79EFBC}") = "Fintrox.Modules.FixedAssets.Domain", "src\Modules\FixedAssets\Fintrox.Modules.FixedAssets.Domain\Fintrox.Modules.FixedAssets.Domain.csproj", "{04A0D6B1-6CC5-68D6-C0CD-6C76E90AAC08}"
EndProject
Project("{FAE04EC0-301F-11D3-BF4B-00C04F79EFBC}") = "Fintrox.Modules.FixedAssets.Infrastructure", "src\Modules\FixedAssets\Fintrox.Modules.FixedAssets.Infrastructure\Fintrox.Modules.FixedAssets.Infrastructure.csproj", "{C811D173-D04B-7EA0-70A2-B6B1A70CA0E9}"
EndProject
Project("{FAE04EC0-301F-11D3-BF4B-00C04F79EFBC}") = "Fintrox.Modules.FixedAssets.Presentation", "src\Modules\FixedAssets\Fintrox.Modules.FixedAssets.Presentation\Fintrox.Modules.FixedAssets.Presentation.csproj", "{6C85EAA9-DE71-F17F-A7B7-9DFA0B4A79C6}"
EndProject
Project("{FAE04EC0-301F-11D3-BF4B-00C04F79EFBC}") = "Fintrox.Modules.Identity.Application", "src\Modules\Identity\Fintrox.Modules.Identity.Application\Fintrox.Modules.Identity.Application.csproj", "{5C46C78E-726D-059C-6BA5-59DADA6E19C8}"
EndProject
Project("{FAE04EC0-301F-11D3-BF4B-00C04F79EFBC}") = "Fintrox.Modules.Identity.Contracts", "src\Modules\Identity\Fintrox.Modules.Identity.Contracts\Fintrox.Modules.Identity.Contracts.csproj", "{3E9114F8-3D9F-489A-7003-760B7A744D9C}"
EndProject
Project("{FAE04EC0-301F-11D3-BF4B-00C04F79EFBC}") = "Fintrox.Modules.Identity.Domain", "src\Modules\Identity\Fintrox.Modules.Identity.Domain\Fintrox.Modules.Identity.Domain.csproj", "{D3ACA7BE-7D76-3541-FA66-E6ED60FE8710}"
EndProject
Project("{FAE04EC0-301F-11D3-BF4B-00C04F79EFBC}") = "Fintrox.Modules.Identity.Infrastructure", "src\Modules\Identity\Fintrox.Modules.Identity.Infrastructure\Fintrox.Modules.Identity.Infrastructure.csproj", "{570AB886-EDFA-85F7-8BA8-D2FDD5B66652}"
EndProject
Project("{FAE04EC0-301F-11D3-BF4B-00C04F79EFBC}") = "Fintrox.Modules.Identity.Presentation", "src\Modules\Identity\Fintrox.Modules.Identity.Presentation\Fintrox.Modules.Identity.Presentation.csproj", "{3FC4FF0A-70A8-8DEC-241A-B2283AB254B2}"
EndProject
Project("{FAE04EC0-301F-11D3-BF4B-00C04F79EFBC}") = "Fintrox.Modules.Integrations.Application", "src\Modules\Integrations\Fintrox.Modules.Integrations.Application\Fintrox.Modules.Integrations.Application.csproj", "{83ADBF77-5C8E-2808-04BD-ABA5BBE85833}"
EndProject
Project("{FAE04EC0-301F-11D3-BF4B-00C04F79EFBC}") = "Fintrox.Modules.Integrations.Contracts", "src\Modules\Integrations\Fintrox.Modules.Integrations.Contracts\Fintrox.Modules.Integrations.Contracts.csproj", "{5D8735A9-E66F-4E51-CCC8-13D69B0A2AA7}"
EndProject
Project("{FAE04EC0-301F-11D3-BF4B-00C04F79EFBC}") = "Fintrox.Modules.Integrations.Domain", "src\Modules\Integrations\Fintrox.Modules.Integrations.Domain\Fintrox.Modules.Integrations.Domain.csproj", "{897D5C45-E6CF-A697-8123-2FEADCCE67EC}"
EndProject
Project("{FAE04EC0-301F-11D3-BF4B-00C04F79EFBC}") = "Fintrox.Modules.Integrations.Infrastructure", "src\Modules\Integrations\Fintrox.Modules.Integrations.Infrastructure\Fintrox.Modules.Integrations.Infrastructure.csproj", "{1842D7A1-F3B9-360E-D291-2E4CDC322128}"
EndProject
Project("{FAE04EC0-301F-11D3-BF4B-00C04F79EFBC}") = "Fintrox.Modules.Integrations.Presentation", "src\Modules\Integrations\Fintrox.Modules.Integrations.Presentation\Fintrox.Modules.Integrations.Presentation.csproj", "{BCE0EA91-79D1-4C64-2A5A-F084E022538B}"
EndProject
Project("{FAE04EC0-301F-11D3-BF4B-00C04F79EFBC}") = "Fintrox.Modules.Inventory.Application", "src\Modules\Inventory\Fintrox.Modules.Inventory.Application\Fintrox.Modules.Inventory.Application.csproj", "{8E2C9B7E-925E-8A10-8D66-043C6D621F38}"
EndProject
Project("{FAE04EC0-301F-11D3-BF4B-00C04F79EFBC}") = "Fintrox.Modules.Inventory.Contracts", "src\Modules\Inventory\Fintrox.Modules.Inventory.Contracts\Fintrox.Modules.Inventory.Contracts.csproj", "{D6AD2A4A-C9FC-74FF-0F46-A2525026C6BA}"
EndProject
Project("{FAE04EC0-301F-11D3-BF4B-00C04F79EFBC}") = "Fintrox.Modules.Inventory.Domain", "src\Modules\Inventory\Fintrox.Modules.Inventory.Domain\Fintrox.Modules.Inventory.Domain.csproj", "{FD3DB426-F659-FFD8-6E41-02E537BA9818}"
EndProject
Project("{FAE04EC0-301F-11D3-BF4B-00C04F79EFBC}") = "Fintrox.Modules.Inventory.Infrastructure", "src\Modules\Inventory\Fintrox.Modules.Inventory.Infrastructure\Fintrox.Modules.Inventory.Infrastructure.csproj", "{DC353A0C-98E2-F6EC-F81A-2AD961EC60F8}"
EndProject
Project("{FAE04EC0-301F-11D3-BF4B-00C04F79EFBC}") = "Fintrox.Modules.Inventory.Presentation", "src\Modules\Inventory\Fintrox.Modules.Inventory.Presentation\Fintrox.Modules.Inventory.Presentation.csproj", "{23FBEFCA-DF98-646F-00A7-4794788EDF3F}"
EndProject
Project("{FAE04EC0-301F-11D3-BF4B-00C04F79EFBC}") = "Fintrox.Modules.Organizations.Application", "src\Modules\Organizations\Fintrox.Modules.Organizations.Application\Fintrox.Modules.Organizations.Application.csproj", "{77126D06-91A1-02F6-3335-75E4BBB4A294}"
EndProject
Project("{FAE04EC0-301F-11D3-BF4B-00C04F79EFBC}") = "Fintrox.Modules.Organizations.Contracts", "src\Modules\Organizations\Fintrox.Modules.Organizations.Contracts\Fintrox.Modules.Organizations.Contracts.csproj", "{F4A719A2-2DE4-8A38-2EEB-7E9FFA28030F}"
EndProject
Project("{FAE04EC0-301F-11D3-BF4B-00C04F79EFBC}") = "Fintrox.Modules.Organizations.Domain", "src\Modules\Organizations\Fintrox.Modules.Organizations.Domain\Fintrox.Modules.Organizations.Domain.csproj", "{A970F746-C7E1-7417-0C98-DD67086CCB79}"
EndProject
Project("{FAE04EC0-301F-11D3-BF4B-00C04F79EFBC}") = "Fintrox.Modules.Organizations.Infrastructure", "src\Modules\Organizations\Fintrox.Modules.Organizations.Infrastructure\Fintrox.Modules.Organizations.Infrastructure.csproj", "{544BD978-7CEA-F1F2-A916-A5B97896D5FC}"
EndProject
Project("{FAE04EC0-301F-11D3-BF4B-00C04F79EFBC}") = "Fintrox.Modules.Organizations.Presentation", "src\Modules\Organizations\Fintrox.Modules.Organizations.Presentation\Fintrox.Modules.Organizations.Presentation.csproj", "{C10B11B2-4842-EFCE-8392-2EC5E1C8CBD0}"
EndProject
Project("{FAE04EC0-301F-11D3-BF4B-00C04F79EFBC}") = "Fintrox.Modules.Payments.Application", "src\Modules\Payments\Fintrox.Modules.Payments.Application\Fintrox.Modules.Payments.Application.csproj", "{E91CC69B-BCD2-287E-95D5-C16226102907}"
EndProject
Project("{FAE04EC0-301F-11D3-BF4B-00C04F79EFBC}") = "Fintrox.Modules.Payments.Contracts", "src\Modules\Payments\Fintrox.Modules.Payments.Contracts\Fintrox.Modules.Payments.Contracts.csproj", "{4CAFD555-289B-B432-3ADE-F89DB3FA1245}"
EndProject
Project("{FAE04EC0-301F-11D3-BF4B-00C04F79EFBC}") = "Fintrox.Modules.Payments.Domain", "src\Modules\Payments\Fintrox.Modules.Payments.Domain\Fintrox.Modules.Payments.Domain.csproj", "{E3977BF9-276F-FFB8-6777-1C2FF6464018}"
EndProject
Project("{FAE04EC0-301F-11D3-BF4B-00C04F79EFBC}") = "Fintrox.Modules.Payments.Infrastructure", "src\Modules\Payments\Fintrox.Modules.Payments.Infrastructure\Fintrox.Modules.Payments.Infrastructure.csproj", "{8C28858D-85CA-1673-4E13-9A5B9442CBD9}"
EndProject
Project("{FAE04EC0-301F-11D3-BF4B-00C04F79EFBC}") = "Fintrox.Modules.Payments.Presentation", "src\Modules\Payments\Fintrox.Modules.Payments.Presentation\Fintrox.Modules.Payments.Presentation.csproj", "{965DE0B5-0CB8-1B4C-F6F9-8D1157AAFA41}"
EndProject
Project("{FAE04EC0-301F-11D3-BF4B-00C04F79EFBC}") = "Fintrox.Modules.Payroll.Application", "src\Modules\Payroll\Fintrox.Modules.Payroll.Application\Fintrox.Modules.Payroll.Application.csproj", "{46379A09-B833-2A6F-CD5B-6C58BC327568}"
EndProject
Project("{FAE04EC0-301F-11D3-BF4B-00C04F79EFBC}") = "Fintrox.Modules.Payroll.Contracts", "src\Modules\Payroll\Fintrox.Modules.Payroll.Contracts\Fintrox.Modules.Payroll.Contracts.csproj", "{69076E05-9B9F-7500-50EE-1C07AA4ECB71}"
EndProject
Project("{FAE04EC0-301F-11D3-BF4B-00C04F79EFBC}") = "Fintrox.Modules.Payroll.Domain", "src\Modules\Payroll\Fintrox.Modules.Payroll.Domain\Fintrox.Modules.Payroll.Domain.csproj", "{944ACF27-7FAB-EE2D-3EFF-7A6762B84154}"
EndProject
Project("{FAE04EC0-301F-11D3-BF4B-00C04F79EFBC}") = "Fintrox.Modules.Payroll.Infrastructure", "src\Modules\Payroll\Fintrox.Modules.Payroll.Infrastructure\Fintrox.Modules.Payroll.Infrastructure.csproj", "{601E1E61-DAD5-73A9-CC67-13B78B6A16B2}"
EndProject
Project("{FAE04EC0-301F-11D3-BF4B-00C04F79EFBC}") = "Fintrox.Modules.Payroll.Presentation", "src\Modules\Payroll\Fintrox.Modules.Payroll.Presentation\Fintrox.Modules.Payroll.Presentation.csproj", "{4CBF3B7B-061D-1C7A-E6D0-50C55804E0CD}"
EndProject
Project("{FAE04EC0-301F-11D3-BF4B-00C04F79EFBC}") = "Fintrox.Modules.Projects.Application", "src\Modules\Projects\Fintrox.Modules.Projects.Application\Fintrox.Modules.Projects.Application.csproj", "{86AF5A6A-B444-5BB2-111A-DD1DD00AA55E}"
EndProject
Project("{FAE04EC0-301F-11D3-BF4B-00C04F79EFBC}") = "Fintrox.Modules.Projects.Contracts", "src\Modules\Projects\Fintrox.Modules.Projects.Contracts\Fintrox.Modules.Projects.Contracts.csproj", "{00663C00-F5FC-F61C-3662-F67AC6ACC39E}"
EndProject
Project("{FAE04EC0-301F-11D3-BF4B-00C04F79EFBC}") = "Fintrox.Modules.Projects.Domain", "src\Modules\Projects\Fintrox.Modules.Projects.Domain\Fintrox.Modules.Projects.Domain.csproj", "{4A162062-037F-B19F-568F-FB896D9255F0}"
EndProject
Project("{FAE04EC0-301F-11D3-BF4B-00C04F79EFBC}") = "Fintrox.Modules.Projects.Infrastructure", "src\Modules\Projects\Fintrox.Modules.Projects.Infrastructure\Fintrox.Modules.Projects.Infrastructure.csproj", "{565900C6-30B7-59AC-6C7F-0FF5CD665CC8}"
EndProject
Project("{FAE04EC0-301F-11D3-BF4B-00C04F79EFBC}") = "Fintrox.Modules.Projects.Presentation", "src\Modules\Projects\Fintrox.Modules.Projects.Presentation\Fintrox.Modules.Projects.Presentation.csproj", "{C47A0C56-F24A-9AF4-C3B1-5E8E0CAE31FB}"
EndProject
Project("{FAE04EC0-301F-11D3-BF4B-00C04F79EFBC}") = "Fintrox.Modules.Purchases.Application", "src\Modules\Purchases\Fintrox.Modules.Purchases.Application\Fintrox.Modules.Purchases.Application.csproj", "{23A78996-37DB-43B6-6A94-60118D545D4F}"
EndProject
Project("{FAE04EC0-301F-11D3-BF4B-00C04F79EFBC}") = "Fintrox.Modules.Purchases.Contracts", "src\Modules\Purchases\Fintrox.Modules.Purchases.Contracts\Fintrox.Modules.Purchases.Contracts.csproj", "{7BEC70A6-075E-6306-D7FA-18EABA54D0A4}"
EndProject
Project("{FAE04EC0-301F-11D3-BF4B-00C04F79EFBC}") = "Fintrox.Modules.Purchases.Domain", "src\Modules\Purchases\Fintrox.Modules.Purchases.Domain\Fintrox.Modules.Purchases.Domain.csproj", "{DF2EC5D6-B6C5-2D15-85DE-F23B5B2C331B}"
EndProject
Project("{FAE04EC0-301F-11D3-BF4B-00C04F79EFBC}") = "Fintrox.Modules.Purchases.Infrastructure", "src\Modules\Purchases\Fintrox.Modules.Purchases.Infrastructure\Fintrox.Modules.Purchases.Infrastructure.csproj", "{F57D0EF4-CBBD-167B-F1F6-E306AD823A4B}"
EndProject
Project("{FAE04EC0-301F-11D3-BF4B-00C04F79EFBC}") = "Fintrox.Modules.Purchases.Presentation", "src\Modules\Purchases\Fintrox.Modules.Purchases.Presentation\Fintrox.Modules.Purchases.Presentation.csproj", "{A839E582-F8A9-E462-A113-4C5B1B2859BA}"
EndProject
Project("{FAE04EC0-301F-11D3-BF4B-00C04F79EFBC}") = "Fintrox.Modules.Reporting.Application", "src\Modules\Reporting\Fintrox.Modules.Reporting.Application\Fintrox.Modules.Reporting.Application.csproj", "{F72B3E7C-812B-A950-D7C0-5E7B709856EB}"
EndProject
Project("{FAE04EC0-301F-11D3-BF4B-00C04F79EFBC}") = "Fintrox.Modules.Reporting.Contracts", "src\Modules\Reporting\Fintrox.Modules.Reporting.Contracts\Fintrox.Modules.Reporting.Contracts.csproj", "{5FA45438-2C9A-6A14-D0F4-35B0254CFC6E}"
EndProject
Project("{FAE04EC0-301F-11D3-BF4B-00C04F79EFBC}") = "Fintrox.Modules.Reporting.Domain", "src\Modules\Reporting\Fintrox.Modules.Reporting.Domain\Fintrox.Modules.Reporting.Domain.csproj", "{F58EAEBC-78FD-7793-5DE4-821D6B502519}"
EndProject
Project("{FAE04EC0-301F-11D3-BF4B-00C04F79EFBC}") = "Fintrox.Modules.Reporting.Infrastructure", "src\Modules\Reporting\Fintrox.Modules.Reporting.Infrastructure\Fintrox.Modules.Reporting.Infrastructure.csproj", "{A1E74F22-E5A6-FB1E-0562-5AF9FA22E0C4}"
EndProject
Project("{FAE04EC0-301F-11D3-BF4B-00C04F79EFBC}") = "Fintrox.Modules.Reporting.Presentation", "src\Modules\Reporting\Fintrox.Modules.Reporting.Presentation\Fintrox.Modules.Reporting.Presentation.csproj", "{EA88F6FC-A4C7-E851-2C68-02D9599888AF}"
EndProject
Project("{FAE04EC0-301F-11D3-BF4B-00C04F79EFBC}") = "Fintrox.Modules.Sales.Application", "src\Modules\Sales\Fintrox.Modules.Sales.Application\Fintrox.Modules.Sales.Application.csproj", "{F616AB82-FE58-42DA-33C7-B4CC57F0CD9F}"
EndProject
Project("{FAE04EC0-301F-11D3-BF4B-00C04F79EFBC}") = "Fintrox.Modules.Sales.Contracts", "src\Modules\Sales\Fintrox.Modules.Sales.Contracts\Fintrox.Modules.Sales.Contracts.csproj", "{D9FA7FD6-93C9-648A-9340-BD702BAC0089}"
EndProject
Project("{FAE04EC0-301F-11D3-BF4B-00C04F79EFBC}") = "Fintrox.Modules.Sales.Domain", "src\Modules\Sales\Fintrox.Modules.Sales.Domain\Fintrox.Modules.Sales.Domain.csproj", "{805F8BCA-20EA-FCC4-4EB9-7C9B5DC06E53}"
EndProject
Project("{FAE04EC0-301F-11D3-BF4B-00C04F79EFBC}") = "Fintrox.Modules.Sales.Infrastructure", "src\Modules\Sales\Fintrox.Modules.Sales.Infrastructure\Fintrox.Modules.Sales.Infrastructure.csproj", "{13108FAC-234A-8F0C-A173-9C1C33C28239}"
EndProject
Project("{FAE04EC0-301F-11D3-BF4B-00C04F79EFBC}") = "Fintrox.Modules.Sales.Presentation", "src\Modules\Sales\Fintrox.Modules.Sales.Presentation\Fintrox.Modules.Sales.Presentation.csproj", "{44991BFE-203E-6A10-3575-2E895454154B}"
EndProject
Project("{FAE04EC0-301F-11D3-BF4B-00C04F79EFBC}") = "Fintrox.Modules.Tax.Application", "src\Modules\Tax\Fintrox.Modules.Tax.Application\Fintrox.Modules.Tax.Application.csproj", "{8F80A8CD-B19C-FAEC-9C30-756CF2FE2DAC}"
EndProject
Project("{FAE04EC0-301F-11D3-BF4B-00C04F79EFBC}") = "Fintrox.Modules.Tax.Contracts", "src\Modules\Tax\Fintrox.Modules.Tax.Contracts\Fintrox.Modules.Tax.Contracts.csproj", "{6569D3B5-9419-8F4D-F95B-EA241E2E6D42}"
EndProject
Project("{FAE04EC0-301F-11D3-BF4B-00C04F79EFBC}") = "Fintrox.Modules.Tax.Domain", "src\Modules\Tax\Fintrox.Modules.Tax.Domain\Fintrox.Modules.Tax.Domain.csproj", "{075E809B-CD3D-F53A-5AAA-F26478DC9797}"
EndProject
Project("{FAE04EC0-301F-11D3-BF4B-00C04F79EFBC}") = "Fintrox.Modules.Tax.Infrastructure", "src\Modules\Tax\Fintrox.Modules.Tax.Infrastructure\Fintrox.Modules.Tax.Infrastructure.csproj", "{129D9781-243A-1C7D-A71B-0EE0DB2A8321}"
EndProject
Project("{FAE04EC0-301F-11D3-BF4B-00C04F79EFBC}") = "Fintrox.Modules.Tax.Presentation", "src\Modules\Tax\Fintrox.Modules.Tax.Presentation\Fintrox.Modules.Tax.Presentation.csproj", "{7E8F0F1F-6FF3-FDE8-216E-836702184E9D}"
EndProject
Project("{FAE04EC0-301F-11D3-BF4B-00C04F79EFBC}") = "Fintrox.Modules.Workflows.Application", "src\Modules\Workflows\Fintrox.Modules.Workflows.Application\Fintrox.Modules.Workflows.Application.csproj", "{AC70C818-A35A-A39E-A62B-0FEE50EE0571}"
EndProject
Project("{FAE04EC0-301F-11D3-BF4B-00C04F79EFBC}") = "Fintrox.Modules.Workflows.Contracts", "src\Modules\Workflows\Fintrox.Modules.Workflows.Contracts\Fintrox.Modules.Workflows.Contracts.csproj", "{8E4017B8-8F98-D124-6BCB-5F648B5EE453}"
EndProject
Project("{FAE04EC0-301F-11D3-BF4B-00C04F79EFBC}") = "Fintrox.Modules.Workflows.Domain", "src\Modules\Workflows\Fintrox.Modules.Workflows.Domain\Fintrox.Modules.Workflows.Domain.csproj", "{C0B5B938-D183-AA02-76C9-6AB72166A74A}"
EndProject
Project("{FAE04EC0-301F-11D3-BF4B-00C04F79EFBC}") = "Fintrox.Modules.Workflows.Infrastructure", "src\Modules\Workflows\Fintrox.Modules.Workflows.Infrastructure\Fintrox.Modules.Workflows.Infrastructure.csproj", "{0750D866-BD60-E086-0C4F-E7D60F24B12F}"
EndProject
Project("{FAE04EC0-301F-11D3-BF4B-00C04F79EFBC}") = "Fintrox.Modules.Workflows.Presentation", "src\Modules\Workflows\Fintrox.Modules.Workflows.Presentation\Fintrox.Modules.Workflows.Presentation.csproj", "{5B9C4880-9A07-E7F9-6365-BC65AFF6F962}"
EndProject
Project("{FAE04EC0-301F-11D3-BF4B-00C04F79EFBC}") = "Fintrox.Domain.Tests", "tests\Fintrox.Domain.Tests\Fintrox.Domain.Tests.csproj", "{1C63009C-9465-099B-FE52-15F850E86A37}"
EndProject
Global
	GlobalSection(SolutionConfigurationPlatforms) = preSolution
		Debug|Any CPU = Debug|Any CPU
		Release|Any CPU = Release|Any CPU
	EndGlobalSection
	GlobalSection(ProjectConfigurationPlatforms) = postSolution
		{63F49415-0435-4350-E05A-20A4F462E46F}.Debug|Any CPU.ActiveCfg = Debug|Any CPU
		{63F49415-0435-4350-E05A-20A4F462E46F}.Debug|Any CPU.Build.0 = Debug|Any CPU
		{63F49415-0435-4350-E05A-20A4F462E46F}.Release|Any CPU.ActiveCfg = Release|Any CPU
		{63F49415-0435-4350-E05A-20A4F462E46F}.Release|Any CPU.Build.0 = Release|Any CPU
		{A6E44AB9-2E0B-0DD2-FC62-AB363AD6D269}.Debug|Any CPU.ActiveCfg = Debug|Any CPU
		{A6E44AB9-2E0B-0DD2-FC62-AB363AD6D269}.Debug|Any CPU.Build.0 = Debug|Any CPU
		{A6E44AB9-2E0B-0DD2-FC62-AB363AD6D269}.Release|Any CPU.ActiveCfg = Release|Any CPU
		{A6E44AB9-2E0B-0DD2-FC62-AB363AD6D269}.Release|Any CPU.Build.0 = Release|Any CPU
		{20E72165-F891-F14A-037A-D1AD36EAFBEB}.Debug|Any CPU.ActiveCfg = Debug|Any CPU
		{20E72165-F891-F14A-037A-D1AD36EAFBEB}.Debug|Any CPU.Build.0 = Debug|Any CPU
		{20E72165-F891-F14A-037A-D1AD36EAFBEB}.Release|Any CPU.ActiveCfg = Release|Any CPU
		{20E72165-F891-F14A-037A-D1AD36EAFBEB}.Release|Any CPU.Build.0 = Release|Any CPU
		{23E15767-400E-2BA4-9CD6-084560CCDCD8}.Debug|Any CPU.ActiveCfg = Debug|Any CPU
		{23E15767-400E-2BA4-9CD6-084560CCDCD8}.Debug|Any CPU.Build.0 = Debug|Any CPU
		{23E15767-400E-2BA4-9CD6-084560CCDCD8}.Release|Any CPU.ActiveCfg = Release|Any CPU
		{23E15767-400E-2BA4-9CD6-084560CCDCD8}.Release|Any CPU.Build.0 = Release|Any CPU
		{68498931-E66B-594C-CE73-3105F6CE2818}.Debug|Any CPU.ActiveCfg = Debug|Any CPU
		{68498931-E66B-594C-CE73-3105F6CE2818}.Debug|Any CPU.Build.0 = Debug|Any CPU
		{68498931-E66B-594C-CE73-3105F6CE2818}.Release|Any CPU.ActiveCfg = Release|Any CPU
		{68498931-E66B-594C-CE73-3105F6CE2818}.Release|Any CPU.Build.0 = Release|Any CPU
		{835ED7D5-F426-B8FF-ADCB-3BA1C7FA59ED}.Debug|Any CPU.ActiveCfg = Debug|Any CPU
		{835ED7D5-F426-B8FF-ADCB-3BA1C7FA59ED}.Debug|Any CPU.Build.0 = Debug|Any CPU
		{835ED7D5-F426-B8FF-ADCB-3BA1C7FA59ED}.Release|Any CPU.ActiveCfg = Release|Any CPU
		{835ED7D5-F426-B8FF-ADCB-3BA1C7FA59ED}.Release|Any CPU.Build.0 = Release|Any CPU
		{D1FA06D7-8118-E2F1-C40E-330B13EC4516}.Debug|Any CPU.ActiveCfg = Debug|Any CPU
		{D1FA06D7-8118-E2F1-C40E-330B13EC4516}.Debug|Any CPU.Build.0 = Debug|Any CPU
		{D1FA06D7-8118-E2F1-C40E-330B13EC4516}.Release|Any CPU.ActiveCfg = Release|Any CPU
		{D1FA06D7-8118-E2F1-C40E-330B13EC4516}.Release|Any CPU.Build.0 = Release|Any CPU
		{EC52B0EB-B7A0-135D-5481-FF0FE398E321}.Debug|Any CPU.ActiveCfg = Debug|Any CPU
		{EC52B0EB-B7A0-135D-5481-FF0FE398E321}.Debug|Any CPU.Build.0 = Debug|Any CPU
		{EC52B0EB-B7A0-135D-5481-FF0FE398E321}.Release|Any CPU.ActiveCfg = Release|Any CPU
		{EC52B0EB-B7A0-135D-5481-FF0FE398E321}.Release|Any CPU.Build.0 = Release|Any CPU
		{54665C7F-A9FC-2BBB-CC12-7FDD392C65EE}.Debug|Any CPU.ActiveCfg = Debug|Any CPU
		{54665C7F-A9FC-2BBB-CC12-7FDD392C65EE}.Debug|Any CPU.Build.0 = Debug|Any CPU
		{54665C7F-A9FC-2BBB-CC12-7FDD392C65EE}.Release|Any CPU.ActiveCfg = Release|Any CPU
		{54665C7F-A9FC-2BBB-CC12-7FDD392C65EE}.Release|Any CPU.Build.0 = Release|Any CPU
		{D47EC1E3-83A6-4995-1E43-9DEBB1289DE5}.Debug|Any CPU.ActiveCfg = Debug|Any CPU
		{D47EC1E3-83A6-4995-1E43-9DEBB1289DE5}.Debug|Any CPU.Build.0 = Debug|Any CPU
		{D47EC1E3-83A6-4995-1E43-9DEBB1289DE5}.Release|Any CPU.ActiveCfg = Release|Any CPU
		{D47EC1E3-83A6-4995-1E43-9DEBB1289DE5}.Release|Any CPU.Build.0 = Release|Any CPU
		{866CADF3-2008-33A4-03B2-B5C8B22C23BA}.Debug|Any CPU.ActiveCfg = Debug|Any CPU
		{866CADF3-2008-33A4-03B2-B5C8B22C23BA}.Debug|Any CPU.Build.0 = Debug|Any CPU
		{866CADF3-2008-33A4-03B2-B5C8B22C23BA}.Release|Any CPU.ActiveCfg = Release|Any CPU
		{866CADF3-2008-33A4-03B2-B5C8B22C23BA}.Release|Any CPU.Build.0 = Release|Any CPU
		{3BE542E3-AA37-5AE5-C491-610026AC6EA6}.Debug|Any CPU.ActiveCfg = Debug|Any CPU
		{3BE542E3-AA37-5AE5-C491-610026AC6EA6}.Debug|Any CPU.Build.0 = Debug|Any CPU
		{3BE542E3-AA37-5AE5-C491-610026AC6EA6}.Release|Any CPU.ActiveCfg = Release|Any CPU
		{3BE542E3-AA37-5AE5-C491-610026AC6EA6}.Release|Any CPU.Build.0 = Release|Any CPU
		{A51A7F41-5E30-654D-82AC-C05755D2DC9C}.Debug|Any CPU.ActiveCfg = Debug|Any CPU
		{A51A7F41-5E30-654D-82AC-C05755D2DC9C}.Debug|Any CPU.Build.0 = Debug|Any CPU
		{A51A7F41-5E30-654D-82AC-C05755D2DC9C}.Release|Any CPU.ActiveCfg = Release|Any CPU
		{A51A7F41-5E30-654D-82AC-C05755D2DC9C}.Release|Any CPU.Build.0 = Release|Any CPU
		{C7D7B8F7-211A-176C-20FD-D0BB495001E7}.Debug|Any CPU.ActiveCfg = Debug|Any CPU
		{C7D7B8F7-211A-176C-20FD-D0BB495001E7}.Debug|Any CPU.Build.0 = Debug|Any CPU
		{C7D7B8F7-211A-176C-20FD-D0BB495001E7}.Release|Any CPU.ActiveCfg = Release|Any CPU
		{C7D7B8F7-211A-176C-20FD-D0BB495001E7}.Release|Any CPU.Build.0 = Release|Any CPU
		{B43C7EB1-4370-5A02-DEF1-EE3E92AA9D81}.Debug|Any CPU.ActiveCfg = Debug|Any CPU
		{B43C7EB1-4370-5A02-DEF1-EE3E92AA9D81}.Debug|Any CPU.Build.0 = Debug|Any CPU
		{B43C7EB1-4370-5A02-DEF1-EE3E92AA9D81}.Release|Any CPU.ActiveCfg = Release|Any CPU
		{B43C7EB1-4370-5A02-DEF1-EE3E92AA9D81}.Release|Any CPU.Build.0 = Release|Any CPU
		{9CCE7908-B927-F97C-5382-65B2D68CEAA5}.Debug|Any CPU.ActiveCfg = Debug|Any CPU
		{9CCE7908-B927-F97C-5382-65B2D68CEAA5}.Debug|Any CPU.Build.0 = Debug|Any CPU
		{9CCE7908-B927-F97C-5382-65B2D68CEAA5}.Release|Any CPU.ActiveCfg = Release|Any CPU
		{9CCE7908-B927-F97C-5382-65B2D68CEAA5}.Release|Any CPU.Build.0 = Release|Any CPU
		{2BAF0C64-E80D-8C00-4B79-A7AFCEC0A374}.Debug|Any CPU.ActiveCfg = Debug|Any CPU
		{2BAF0C64-E80D-8C00-4B79-A7AFCEC0A374}.Debug|Any CPU.Build.0 = Debug|Any CPU
		{2BAF0C64-E80D-8C00-4B79-A7AFCEC0A374}.Release|Any CPU.ActiveCfg = Release|Any CPU
		{2BAF0C64-E80D-8C00-4B79-A7AFCEC0A374}.Release|Any CPU.Build.0 = Release|Any CPU
		{7CAB3F70-A18C-2B59-8C62-57F271EC2DEE}.Debug|Any CPU.ActiveCfg = Debug|Any CPU
		{7CAB3F70-A18C-2B59-8C62-57F271EC2DEE}.Debug|Any CPU.Build.0 = Debug|Any CPU
		{7CAB3F70-A18C-2B59-8C62-57F271EC2DEE}.Release|Any CPU.ActiveCfg = Release|Any CPU
		{7CAB3F70-A18C-2B59-8C62-57F271EC2DEE}.Release|Any CPU.Build.0 = Release|Any CPU
		{FA52D2B6-79C9-6226-EBBA-987419E69273}.Debug|Any CPU.ActiveCfg = Debug|Any CPU
		{FA52D2B6-79C9-6226-EBBA-987419E69273}.Debug|Any CPU.Build.0 = Debug|Any CPU
		{FA52D2B6-79C9-6226-EBBA-987419E69273}.Release|Any CPU.ActiveCfg = Release|Any CPU
		{FA52D2B6-79C9-6226-EBBA-987419E69273}.Release|Any CPU.Build.0 = Release|Any CPU
		{E84049F8-0EC8-5FBD-D977-B7FDA2FCD7BF}.Debug|Any CPU.ActiveCfg = Debug|Any CPU
		{E84049F8-0EC8-5FBD-D977-B7FDA2FCD7BF}.Debug|Any CPU.Build.0 = Debug|Any CPU
		{E84049F8-0EC8-5FBD-D977-B7FDA2FCD7BF}.Release|Any CPU.ActiveCfg = Release|Any CPU
		{E84049F8-0EC8-5FBD-D977-B7FDA2FCD7BF}.Release|Any CPU.Build.0 = Release|Any CPU
		{F32F5C3B-D9C5-1E31-C960-ED1ED24410A5}.Debug|Any CPU.ActiveCfg = Debug|Any CPU
		{F32F5C3B-D9C5-1E31-C960-ED1ED24410A5}.Debug|Any CPU.Build.0 = Debug|Any CPU
		{F32F5C3B-D9C5-1E31-C960-ED1ED24410A5}.Release|Any CPU.ActiveCfg = Release|Any CPU
		{F32F5C3B-D9C5-1E31-C960-ED1ED24410A5}.Release|Any CPU.Build.0 = Release|Any CPU
		{6F35A49B-561E-F3AB-C42A-9C9E607C9234}.Debug|Any CPU.ActiveCfg = Debug|Any CPU
		{6F35A49B-561E-F3AB-C42A-9C9E607C9234}.Debug|Any CPU.Build.0 = Debug|Any CPU
		{6F35A49B-561E-F3AB-C42A-9C9E607C9234}.Release|Any CPU.ActiveCfg = Release|Any CPU
		{6F35A49B-561E-F3AB-C42A-9C9E607C9234}.Release|Any CPU.Build.0 = Release|Any CPU
		{77BEC819-DF21-DE3B-54E6-A985E9EA8BC7}.Debug|Any CPU.ActiveCfg = Debug|Any CPU
		{77BEC819-DF21-DE3B-54E6-A985E9EA8BC7}.Debug|Any CPU.Build.0 = Debug|Any CPU
		{77BEC819-DF21-DE3B-54E6-A985E9EA8BC7}.Release|Any CPU.ActiveCfg = Release|Any CPU
		{77BEC819-DF21-DE3B-54E6-A985E9EA8BC7}.Release|Any CPU.Build.0 = Release|Any CPU
		{717BD357-E198-673E-36EF-16450508D777}.Debug|Any CPU.ActiveCfg = Debug|Any CPU
		{717BD357-E198-673E-36EF-16450508D777}.Debug|Any CPU.Build.0 = Debug|Any CPU
		{717BD357-E198-673E-36EF-16450508D777}.Release|Any CPU.ActiveCfg = Release|Any CPU
		{717BD357-E198-673E-36EF-16450508D777}.Release|Any CPU.Build.0 = Release|Any CPU
		{3AED7699-1CE8-40D6-1053-7A3B42C20CBB}.Debug|Any CPU.ActiveCfg = Debug|Any CPU
		{3AED7699-1CE8-40D6-1053-7A3B42C20CBB}.Debug|Any CPU.Build.0 = Debug|Any CPU
		{3AED7699-1CE8-40D6-1053-7A3B42C20CBB}.Release|Any CPU.ActiveCfg = Release|Any CPU
		{3AED7699-1CE8-40D6-1053-7A3B42C20CBB}.Release|Any CPU.Build.0 = Release|Any CPU
		{E3C09AE2-CB1A-18F4-5EA2-FB34A65A95B8}.Debug|Any CPU.ActiveCfg = Debug|Any CPU
		{E3C09AE2-CB1A-18F4-5EA2-FB34A65A95B8}.Debug|Any CPU.Build.0 = Debug|Any CPU
		{E3C09AE2-CB1A-18F4-5EA2-FB34A65A95B8}.Release|Any CPU.ActiveCfg = Release|Any CPU
		{E3C09AE2-CB1A-18F4-5EA2-FB34A65A95B8}.Release|Any CPU.Build.0 = Release|Any CPU
		{42DBCABC-539E-2D12-03A7-6FC9B0A85039}.Debug|Any CPU.ActiveCfg = Debug|Any CPU
		{42DBCABC-539E-2D12-03A7-6FC9B0A85039}.Debug|Any CPU.Build.0 = Debug|Any CPU
		{42DBCABC-539E-2D12-03A7-6FC9B0A85039}.Release|Any CPU.ActiveCfg = Release|Any CPU
		{42DBCABC-539E-2D12-03A7-6FC9B0A85039}.Release|Any CPU.Build.0 = Release|Any CPU
		{FD69F08A-0AF5-DBDA-2BCC-26B347822139}.Debug|Any CPU.ActiveCfg = Debug|Any CPU
		{FD69F08A-0AF5-DBDA-2BCC-26B347822139}.Debug|Any CPU.Build.0 = Debug|Any CPU
		{FD69F08A-0AF5-DBDA-2BCC-26B347822139}.Release|Any CPU.ActiveCfg = Release|Any CPU
		{FD69F08A-0AF5-DBDA-2BCC-26B347822139}.Release|Any CPU.Build.0 = Release|Any CPU
		{37C0186A-7AB5-5029-CB4C-67E970B2B1F9}.Debug|Any CPU.ActiveCfg = Debug|Any CPU
		{37C0186A-7AB5-5029-CB4C-67E970B2B1F9}.Debug|Any CPU.Build.0 = Debug|Any CPU
		{37C0186A-7AB5-5029-CB4C-67E970B2B1F9}.Release|Any CPU.ActiveCfg = Release|Any CPU
		{37C0186A-7AB5-5029-CB4C-67E970B2B1F9}.Release|Any CPU.Build.0 = Release|Any CPU
		{F2EEB07E-52A7-BF09-D257-4DE7F39E80F0}.Debug|Any CPU.ActiveCfg = Debug|Any CPU
		{F2EEB07E-52A7-BF09-D257-4DE7F39E80F0}.Debug|Any CPU.Build.0 = Debug|Any CPU
		{F2EEB07E-52A7-BF09-D257-4DE7F39E80F0}.Release|Any CPU.ActiveCfg = Release|Any CPU
		{F2EEB07E-52A7-BF09-D257-4DE7F39E80F0}.Release|Any CPU.Build.0 = Release|Any CPU
		{EF958596-3377-8DEA-77E0-627F003A4497}.Debug|Any CPU.ActiveCfg = Debug|Any CPU
		{EF958596-3377-8DEA-77E0-627F003A4497}.Debug|Any CPU.Build.0 = Debug|Any CPU
		{EF958596-3377-8DEA-77E0-627F003A4497}.Release|Any CPU.ActiveCfg = Release|Any CPU
		{EF958596-3377-8DEA-77E0-627F003A4497}.Release|Any CPU.Build.0 = Release|Any CPU
		{A2B3EFDE-B058-85B2-AD8E-270190F21DD6}.Debug|Any CPU.ActiveCfg = Debug|Any CPU
		{A2B3EFDE-B058-85B2-AD8E-270190F21DD6}.Debug|Any CPU.Build.0 = Debug|Any CPU
		{A2B3EFDE-B058-85B2-AD8E-270190F21DD6}.Release|Any CPU.ActiveCfg = Release|Any CPU
		{A2B3EFDE-B058-85B2-AD8E-270190F21DD6}.Release|Any CPU.Build.0 = Release|Any CPU
		{6C56A17E-81C2-87F5-4460-EBA37552C5A2}.Debug|Any CPU.ActiveCfg = Debug|Any CPU
		{6C56A17E-81C2-87F5-4460-EBA37552C5A2}.Debug|Any CPU.Build.0 = Debug|Any CPU
		{6C56A17E-81C2-87F5-4460-EBA37552C5A2}.Release|Any CPU.ActiveCfg = Release|Any CPU
		{6C56A17E-81C2-87F5-4460-EBA37552C5A2}.Release|Any CPU.Build.0 = Release|Any CPU
		{C380E538-4358-8C49-6132-4FC990F8226A}.Debug|Any CPU.ActiveCfg = Debug|Any CPU
		{C380E538-4358-8C49-6132-4FC990F8226A}.Debug|Any CPU.Build.0 = Debug|Any CPU
		{C380E538-4358-8C49-6132-4FC990F8226A}.Release|Any CPU.ActiveCfg = Release|Any CPU
		{C380E538-4358-8C49-6132-4FC990F8226A}.Release|Any CPU.Build.0 = Release|Any CPU
		{0F211892-86A0-12B5-7157-1D9413F6F7F7}.Debug|Any CPU.ActiveCfg = Debug|Any CPU
		{0F211892-86A0-12B5-7157-1D9413F6F7F7}.Debug|Any CPU.Build.0 = Debug|Any CPU
		{0F211892-86A0-12B5-7157-1D9413F6F7F7}.Release|Any CPU.ActiveCfg = Release|Any CPU
		{0F211892-86A0-12B5-7157-1D9413F6F7F7}.Release|Any CPU.Build.0 = Release|Any CPU
		{277B6400-740C-AC1A-B1B5-8B618642C5B9}.Debug|Any CPU.ActiveCfg = Debug|Any CPU
		{277B6400-740C-AC1A-B1B5-8B618642C5B9}.Debug|Any CPU.Build.0 = Debug|Any CPU
		{277B6400-740C-AC1A-B1B5-8B618642C5B9}.Release|Any CPU.ActiveCfg = Release|Any CPU
		{277B6400-740C-AC1A-B1B5-8B618642C5B9}.Release|Any CPU.Build.0 = Release|Any CPU
		{6C7DEB96-79D6-77D8-53F9-1BA56BE82A2F}.Debug|Any CPU.ActiveCfg = Debug|Any CPU
		{6C7DEB96-79D6-77D8-53F9-1BA56BE82A2F}.Debug|Any CPU.Build.0 = Debug|Any CPU
		{6C7DEB96-79D6-77D8-53F9-1BA56BE82A2F}.Release|Any CPU.ActiveCfg = Release|Any CPU
		{6C7DEB96-79D6-77D8-53F9-1BA56BE82A2F}.Release|Any CPU.Build.0 = Release|Any CPU
		{5FA033C0-64F0-3445-6C2A-6BE568BA08DA}.Debug|Any CPU.ActiveCfg = Debug|Any CPU
		{5FA033C0-64F0-3445-6C2A-6BE568BA08DA}.Debug|Any CPU.Build.0 = Debug|Any CPU
		{5FA033C0-64F0-3445-6C2A-6BE568BA08DA}.Release|Any CPU.ActiveCfg = Release|Any CPU
		{5FA033C0-64F0-3445-6C2A-6BE568BA08DA}.Release|Any CPU.Build.0 = Release|Any CPU
		{A86692F0-058D-8C45-9E6E-2423A61A9BE3}.Debug|Any CPU.ActiveCfg = Debug|Any CPU
		{A86692F0-058D-8C45-9E6E-2423A61A9BE3}.Debug|Any CPU.Build.0 = Debug|Any CPU
		{A86692F0-058D-8C45-9E6E-2423A61A9BE3}.Release|Any CPU.ActiveCfg = Release|Any CPU
		{A86692F0-058D-8C45-9E6E-2423A61A9BE3}.Release|Any CPU.Build.0 = Release|Any CPU
		{75C66E68-6C9F-FAF5-CCAA-8F330EAAA035}.Debug|Any CPU.ActiveCfg = Debug|Any CPU
		{75C66E68-6C9F-FAF5-CCAA-8F330EAAA035}.Debug|Any CPU.Build.0 = Debug|Any CPU
		{75C66E68-6C9F-FAF5-CCAA-8F330EAAA035}.Release|Any CPU.ActiveCfg = Release|Any CPU
		{75C66E68-6C9F-FAF5-CCAA-8F330EAAA035}.Release|Any CPU.Build.0 = Release|Any CPU
		{99A91A77-4109-A53A-F19B-3C93613CB092}.Debug|Any CPU.ActiveCfg = Debug|Any CPU
		{99A91A77-4109-A53A-F19B-3C93613CB092}.Debug|Any CPU.Build.0 = Debug|Any CPU
		{99A91A77-4109-A53A-F19B-3C93613CB092}.Release|Any CPU.ActiveCfg = Release|Any CPU
		{99A91A77-4109-A53A-F19B-3C93613CB092}.Release|Any CPU.Build.0 = Release|Any CPU
		{4C8D6B0D-611B-195A-9867-55D7CF8AF97C}.Debug|Any CPU.ActiveCfg = Debug|Any CPU
		{4C8D6B0D-611B-195A-9867-55D7CF8AF97C}.Debug|Any CPU.Build.0 = Debug|Any CPU
		{4C8D6B0D-611B-195A-9867-55D7CF8AF97C}.Release|Any CPU.ActiveCfg = Release|Any CPU
		{4C8D6B0D-611B-195A-9867-55D7CF8AF97C}.Release|Any CPU.Build.0 = Release|Any CPU
		{42AEF195-DFB8-4244-8621-00EACD5A5999}.Debug|Any CPU.ActiveCfg = Debug|Any CPU
		{42AEF195-DFB8-4244-8621-00EACD5A5999}.Debug|Any CPU.Build.0 = Debug|Any CPU
		{42AEF195-DFB8-4244-8621-00EACD5A5999}.Release|Any CPU.ActiveCfg = Release|Any CPU
		{42AEF195-DFB8-4244-8621-00EACD5A5999}.Release|Any CPU.Build.0 = Release|Any CPU
		{90CCF3FD-E0CE-B80A-E6C3-28C6BF0A060D}.Debug|Any CPU.ActiveCfg = Debug|Any CPU
		{90CCF3FD-E0CE-B80A-E6C3-28C6BF0A060D}.Debug|Any CPU.Build.0 = Debug|Any CPU
		{90CCF3FD-E0CE-B80A-E6C3-28C6BF0A060D}.Release|Any CPU.ActiveCfg = Release|Any CPU
		{90CCF3FD-E0CE-B80A-E6C3-28C6BF0A060D}.Release|Any CPU.Build.0 = Release|Any CPU
		{BB2077D1-F610-79C2-43D7-C2E2A48EB5C7}.Debug|Any CPU.ActiveCfg = Debug|Any CPU
		{BB2077D1-F610-79C2-43D7-C2E2A48EB5C7}.Debug|Any CPU.Build.0 = Debug|Any CPU
		{BB2077D1-F610-79C2-43D7-C2E2A48EB5C7}.Release|Any CPU.ActiveCfg = Release|Any CPU
		{BB2077D1-F610-79C2-43D7-C2E2A48EB5C7}.Release|Any CPU.Build.0 = Release|Any CPU
		{EB56E524-DF8B-6F64-39A0-84326E4EE62B}.Debug|Any CPU.ActiveCfg = Debug|Any CPU
		{EB56E524-DF8B-6F64-39A0-84326E4EE62B}.Debug|Any CPU.Build.0 = Debug|Any CPU
		{EB56E524-DF8B-6F64-39A0-84326E4EE62B}.Release|Any CPU.ActiveCfg = Release|Any CPU
		{EB56E524-DF8B-6F64-39A0-84326E4EE62B}.Release|Any CPU.Build.0 = Release|Any CPU
		{CF677BBC-2F0A-B3B7-9E01-7CD0B22EB10B}.Debug|Any CPU.ActiveCfg = Debug|Any CPU
		{CF677BBC-2F0A-B3B7-9E01-7CD0B22EB10B}.Debug|Any CPU.Build.0 = Debug|Any CPU
		{CF677BBC-2F0A-B3B7-9E01-7CD0B22EB10B}.Release|Any CPU.ActiveCfg = Release|Any CPU
		{CF677BBC-2F0A-B3B7-9E01-7CD0B22EB10B}.Release|Any CPU.Build.0 = Release|Any CPU
		{F146EE94-409A-23CB-4846-D28D14EE08DC}.Debug|Any CPU.ActiveCfg = Debug|Any CPU
		{F146EE94-409A-23CB-4846-D28D14EE08DC}.Debug|Any CPU.Build.0 = Debug|Any CPU
		{F146EE94-409A-23CB-4846-D28D14EE08DC}.Release|Any CPU.ActiveCfg = Release|Any CPU
		{F146EE94-409A-23CB-4846-D28D14EE08DC}.Release|Any CPU.Build.0 = Release|Any CPU
		{E50DC7EA-112E-3B70-9360-DE7D1654824E}.Debug|Any CPU.ActiveCfg = Debug|Any CPU
		{E50DC7EA-112E-3B70-9360-DE7D1654824E}.Debug|Any CPU.Build.0 = Debug|Any CPU
		{E50DC7EA-112E-3B70-9360-DE7D1654824E}.Release|Any CPU.ActiveCfg = Release|Any CPU
		{E50DC7EA-112E-3B70-9360-DE7D1654824E}.Release|Any CPU.Build.0 = Release|Any CPU
		{B07A5074-7BDD-4E7E-7732-FE04C5CE0CEF}.Debug|Any CPU.ActiveCfg = Debug|Any CPU
		{B07A5074-7BDD-4E7E-7732-FE04C5CE0CEF}.Debug|Any CPU.Build.0 = Debug|Any CPU
		{B07A5074-7BDD-4E7E-7732-FE04C5CE0CEF}.Release|Any CPU.ActiveCfg = Release|Any CPU
		{B07A5074-7BDD-4E7E-7732-FE04C5CE0CEF}.Release|Any CPU.Build.0 = Release|Any CPU
		{EB283A10-97E1-D82E-8293-3306908C1572}.Debug|Any CPU.ActiveCfg = Debug|Any CPU
		{EB283A10-97E1-D82E-8293-3306908C1572}.Debug|Any CPU.Build.0 = Debug|Any CPU
		{EB283A10-97E1-D82E-8293-3306908C1572}.Release|Any CPU.ActiveCfg = Release|Any CPU
		{EB283A10-97E1-D82E-8293-3306908C1572}.Release|Any CPU.Build.0 = Release|Any CPU
		{379BAFB2-EF4E-ECC5-CD98-DB5E69F222D6}.Debug|Any CPU.ActiveCfg = Debug|Any CPU
		{379BAFB2-EF4E-ECC5-CD98-DB5E69F222D6}.Debug|Any CPU.Build.0 = Debug|Any CPU
		{379BAFB2-EF4E-ECC5-CD98-DB5E69F222D6}.Release|Any CPU.ActiveCfg = Release|Any CPU
		{379BAFB2-EF4E-ECC5-CD98-DB5E69F222D6}.Release|Any CPU.Build.0 = Release|Any CPU
		{79AD5AC0-2C7F-B3E9-E531-CA440E5CC94E}.Debug|Any CPU.ActiveCfg = Debug|Any CPU
		{79AD5AC0-2C7F-B3E9-E531-CA440E5CC94E}.Debug|Any CPU.Build.0 = Debug|Any CPU
		{79AD5AC0-2C7F-B3E9-E531-CA440E5CC94E}.Release|Any CPU.ActiveCfg = Release|Any CPU
		{79AD5AC0-2C7F-B3E9-E531-CA440E5CC94E}.Release|Any CPU.Build.0 = Release|Any CPU
		{360EF020-C283-218A-8BDE-178497CC495D}.Debug|Any CPU.ActiveCfg = Debug|Any CPU
		{360EF020-C283-218A-8BDE-178497CC495D}.Debug|Any CPU.Build.0 = Debug|Any CPU
		{360EF020-C283-218A-8BDE-178497CC495D}.Release|Any CPU.ActiveCfg = Release|Any CPU
		{360EF020-C283-218A-8BDE-178497CC495D}.Release|Any CPU.Build.0 = Release|Any CPU
		{210AE488-C60C-1B1E-BC15-3A1461147A19}.Debug|Any CPU.ActiveCfg = Debug|Any CPU
		{210AE488-C60C-1B1E-BC15-3A1461147A19}.Debug|Any CPU.Build.0 = Debug|Any CPU
		{210AE488-C60C-1B1E-BC15-3A1461147A19}.Release|Any CPU.ActiveCfg = Release|Any CPU
		{210AE488-C60C-1B1E-BC15-3A1461147A19}.Release|Any CPU.Build.0 = Release|Any CPU
		{FBB07ECB-440B-16DF-FFB6-ED6F8A1CBBBD}.Debug|Any CPU.ActiveCfg = Debug|Any CPU
		{FBB07ECB-440B-16DF-FFB6-ED6F8A1CBBBD}.Debug|Any CPU.Build.0 = Debug|Any CPU
		{FBB07ECB-440B-16DF-FFB6-ED6F8A1CBBBD}.Release|Any CPU.ActiveCfg = Release|Any CPU
		{FBB07ECB-440B-16DF-FFB6-ED6F8A1CBBBD}.Release|Any CPU.Build.0 = Release|Any CPU
		{8CF663FF-1658-A81A-9538-24EC9A488360}.Debug|Any CPU.ActiveCfg = Debug|Any CPU
		{8CF663FF-1658-A81A-9538-24EC9A488360}.Debug|Any CPU.Build.0 = Debug|Any CPU
		{8CF663FF-1658-A81A-9538-24EC9A488360}.Release|Any CPU.ActiveCfg = Release|Any CPU
		{8CF663FF-1658-A81A-9538-24EC9A488360}.Release|Any CPU.Build.0 = Release|Any CPU
		{04A0D6B1-6CC5-68D6-C0CD-6C76E90AAC08}.Debug|Any CPU.ActiveCfg = Debug|Any CPU
		{04A0D6B1-6CC5-68D6-C0CD-6C76E90AAC08}.Debug|Any CPU.Build.0 = Debug|Any CPU
		{04A0D6B1-6CC5-68D6-C0CD-6C76E90AAC08}.Release|Any CPU.ActiveCfg = Release|Any CPU
		{04A0D6B1-6CC5-68D6-C0CD-6C76E90AAC08}.Release|Any CPU.Build.0 = Release|Any CPU
		{C811D173-D04B-7EA0-70A2-B6B1A70CA0E9}.Debug|Any CPU.ActiveCfg = Debug|Any CPU
		{C811D173-D04B-7EA0-70A2-B6B1A70CA0E9}.Debug|Any CPU.Build.0 = Debug|Any CPU
		{C811D173-D04B-7EA0-70A2-B6B1A70CA0E9}.Release|Any CPU.ActiveCfg = Release|Any CPU
		{C811D173-D04B-7EA0-70A2-B6B1A70CA0E9}.Release|Any CPU.Build.0 = Release|Any CPU
		{6C85EAA9-DE71-F17F-A7B7-9DFA0B4A79C6}.Debug|Any CPU.ActiveCfg = Debug|Any CPU
		{6C85EAA9-DE71-F17F-A7B7-9DFA0B4A79C6}.Debug|Any CPU.Build.0 = Debug|Any CPU
		{6C85EAA9-DE71-F17F-A7B7-9DFA0B4A79C6}.Release|Any CPU.ActiveCfg = Release|Any CPU
		{6C85EAA9-DE71-F17F-A7B7-9DFA0B4A79C6}.Release|Any CPU.Build.0 = Release|Any CPU
		{5C46C78E-726D-059C-6BA5-59DADA6E19C8}.Debug|Any CPU.ActiveCfg = Debug|Any CPU
		{5C46C78E-726D-059C-6BA5-59DADA6E19C8}.Debug|Any CPU.Build.0 = Debug|Any CPU
		{5C46C78E-726D-059C-6BA5-59DADA6E19C8}.Release|Any CPU.ActiveCfg = Release|Any CPU
		{5C46C78E-726D-059C-6BA5-59DADA6E19C8}.Release|Any CPU.Build.0 = Release|Any CPU
		{3E9114F8-3D9F-489A-7003-760B7A744D9C}.Debug|Any CPU.ActiveCfg = Debug|Any CPU
		{3E9114F8-3D9F-489A-7003-760B7A744D9C}.Debug|Any CPU.Build.0 = Debug|Any CPU
		{3E9114F8-3D9F-489A-7003-760B7A744D9C}.Release|Any CPU.ActiveCfg = Release|Any CPU
		{3E9114F8-3D9F-489A-7003-760B7A744D9C}.Release|Any CPU.Build.0 = Release|Any CPU
		{D3ACA7BE-7D76-3541-FA66-E6ED60FE8710}.Debug|Any CPU.ActiveCfg = Debug|Any CPU
		{D3ACA7BE-7D76-3541-FA66-E6ED60FE8710}.Debug|Any CPU.Build.0 = Debug|Any CPU
		{D3ACA7BE-7D76-3541-FA66-E6ED60FE8710}.Release|Any CPU.ActiveCfg = Release|Any CPU
		{D3ACA7BE-7D76-3541-FA66-E6ED60FE8710}.Release|Any CPU.Build.0 = Release|Any CPU
		{570AB886-EDFA-85F7-8BA8-D2FDD5B66652}.Debug|Any CPU.ActiveCfg = Debug|Any CPU
		{570AB886-EDFA-85F7-8BA8-D2FDD5B66652}.Debug|Any CPU.Build.0 = Debug|Any CPU
		{570AB886-EDFA-85F7-8BA8-D2FDD5B66652}.Release|Any CPU.ActiveCfg = Release|Any CPU
		{570AB886-EDFA-85F7-8BA8-D2FDD5B66652}.Release|Any CPU.Build.0 = Release|Any CPU
		{3FC4FF0A-70A8-8DEC-241A-B2283AB254B2}.Debug|Any CPU.ActiveCfg = Debug|Any CPU
		{3FC4FF0A-70A8-8DEC-241A-B2283AB254B2}.Debug|Any CPU.Build.0 = Debug|Any CPU
		{3FC4FF0A-70A8-8DEC-241A-B2283AB254B2}.Release|Any CPU.ActiveCfg = Release|Any CPU
		{3FC4FF0A-70A8-8DEC-241A-B2283AB254B2}.Release|Any CPU.Build.0 = Release|Any CPU
		{83ADBF77-5C8E-2808-04BD-ABA5BBE85833}.Debug|Any CPU.ActiveCfg = Debug|Any CPU
		{83ADBF77-5C8E-2808-04BD-ABA5BBE85833}.Debug|Any CPU.Build.0 = Debug|Any CPU
		{83ADBF77-5C8E-2808-04BD-ABA5BBE85833}.Release|Any CPU.ActiveCfg = Release|Any CPU
		{83ADBF77-5C8E-2808-04BD-ABA5BBE85833}.Release|Any CPU.Build.0 = Release|Any CPU
		{5D8735A9-E66F-4E51-CCC8-13D69B0A2AA7}.Debug|Any CPU.ActiveCfg = Debug|Any CPU
		{5D8735A9-E66F-4E51-CCC8-13D69B0A2AA7}.Debug|Any CPU.Build.0 = Debug|Any CPU
		{5D8735A9-E66F-4E51-CCC8-13D69B0A2AA7}.Release|Any CPU.ActiveCfg = Release|Any CPU
		{5D8735A9-E66F-4E51-CCC8-13D69B0A2AA7}.Release|Any CPU.Build.0 = Release|Any CPU
		{897D5C45-E6CF-A697-8123-2FEADCCE67EC}.Debug|Any CPU.ActiveCfg = Debug|Any CPU
		{897D5C45-E6CF-A697-8123-2FEADCCE67EC}.Debug|Any CPU.Build.0 = Debug|Any CPU
		{897D5C45-E6CF-A697-8123-2FEADCCE67EC}.Release|Any CPU.ActiveCfg = Release|Any CPU
		{897D5C45-E6CF-A697-8123-2FEADCCE67EC}.Release|Any CPU.Build.0 = Release|Any CPU
		{1842D7A1-F3B9-360E-D291-2E4CDC322128}.Debug|Any CPU.ActiveCfg = Debug|Any CPU
		{1842D7A1-F3B9-360E-D291-2E4CDC322128}.Debug|Any CPU.Build.0 = Debug|Any CPU
		{1842D7A1-F3B9-360E-D291-2E4CDC322128}.Release|Any CPU.ActiveCfg = Release|Any CPU
		{1842D7A1-F3B9-360E-D291-2E4CDC322128}.Release|Any CPU.Build.0 = Release|Any CPU
		{BCE0EA91-79D1-4C64-2A5A-F084E022538B}.Debug|Any CPU.ActiveCfg = Debug|Any CPU
		{BCE0EA91-79D1-4C64-2A5A-F084E022538B}.Debug|Any CPU.Build.0 = Debug|Any CPU
		{BCE0EA91-79D1-4C64-2A5A-F084E022538B}.Release|Any CPU.ActiveCfg = Release|Any CPU
		{BCE0EA91-79D1-4C64-2A5A-F084E022538B}.Release|Any CPU.Build.0 = Release|Any CPU
		{8E2C9B7E-925E-8A10-8D66-043C6D621F38}.Debug|Any CPU.ActiveCfg = Debug|Any CPU
		{8E2C9B7E-925E-8A10-8D66-043C6D621F38}.Debug|Any CPU.Build.0 = Debug|Any CPU
		{8E2C9B7E-925E-8A10-8D66-043C6D621F38}.Release|Any CPU.ActiveCfg = Release|Any CPU
		{8E2C9B7E-925E-8A10-8D66-043C6D621F38}.Release|Any CPU.Build.0 = Release|Any CPU
		{D6AD2A4A-C9FC-74FF-0F46-A2525026C6BA}.Debug|Any CPU.ActiveCfg = Debug|Any CPU
		{D6AD2A4A-C9FC-74FF-0F46-A2525026C6BA}.Debug|Any CPU.Build.0 = Debug|Any CPU
		{D6AD2A4A-C9FC-74FF-0F46-A2525026C6BA}.Release|Any CPU.ActiveCfg = Release|Any CPU
		{D6AD2A4A-C9FC-74FF-0F46-A2525026C6BA}.Release|Any CPU.Build.0 = Release|Any CPU
		{FD3DB426-F659-FFD8-6E41-02E537BA9818}.Debug|Any CPU.ActiveCfg = Debug|Any CPU
		{FD3DB426-F659-FFD8-6E41-02E537BA9818}.Debug|Any CPU.Build.0 = Debug|Any CPU
		{FD3DB426-F659-FFD8-6E41-02E537BA9818}.Release|Any CPU.ActiveCfg = Release|Any CPU
		{FD3DB426-F659-FFD8-6E41-02E537BA9818}.Release|Any CPU.Build.0 = Release|Any CPU
		{DC353A0C-98E2-F6EC-F81A-2AD961EC60F8}.Debug|Any CPU.ActiveCfg = Debug|Any CPU
		{DC353A0C-98E2-F6EC-F81A-2AD961EC60F8}.Debug|Any CPU.Build.0 = Debug|Any CPU
		{DC353A0C-98E2-F6EC-F81A-2AD961EC60F8}.Release|Any CPU.ActiveCfg = Release|Any CPU
		{DC353A0C-98E2-F6EC-F81A-2AD961EC60F8}.Release|Any CPU.Build.0 = Release|Any CPU
		{23FBEFCA-DF98-646F-00A7-4794788EDF3F}.Debug|Any CPU.ActiveCfg = Debug|Any CPU
		{23FBEFCA-DF98-646F-00A7-4794788EDF3F}.Debug|Any CPU.Build.0 = Debug|Any CPU
		{23FBEFCA-DF98-646F-00A7-4794788EDF3F}.Release|Any CPU.ActiveCfg = Release|Any CPU
		{23FBEFCA-DF98-646F-00A7-4794788EDF3F}.Release|Any CPU.Build.0 = Release|Any CPU
		{77126D06-91A1-02F6-3335-75E4BBB4A294}.Debug|Any CPU.ActiveCfg = Debug|Any CPU
		{77126D06-91A1-02F6-3335-75E4BBB4A294}.Debug|Any CPU.Build.0 = Debug|Any CPU
		{77126D06-91A1-02F6-3335-75E4BBB4A294}.Release|Any CPU.ActiveCfg = Release|Any CPU
		{77126D06-91A1-02F6-3335-75E4BBB4A294}.Release|Any CPU.Build.0 = Release|Any CPU
		{F4A719A2-2DE4-8A38-2EEB-7E9FFA28030F}.Debug|Any CPU.ActiveCfg = Debug|Any CPU
		{F4A719A2-2DE4-8A38-2EEB-7E9FFA28030F}.Debug|Any CPU.Build.0 = Debug|Any CPU
		{F4A719A2-2DE4-8A38-2EEB-7E9FFA28030F}.Release|Any CPU.ActiveCfg = Release|Any CPU
		{F4A719A2-2DE4-8A38-2EEB-7E9FFA28030F}.Release|Any CPU.Build.0 = Release|Any CPU
		{A970F746-C7E1-7417-0C98-DD67086CCB79}.Debug|Any CPU.ActiveCfg = Debug|Any CPU
		{A970F746-C7E1-7417-0C98-DD67086CCB79}.Debug|Any CPU.Build.0 = Debug|Any CPU
		{A970F746-C7E1-7417-0C98-DD67086CCB79}.Release|Any CPU.ActiveCfg = Release|Any CPU
		{A970F746-C7E1-7417-0C98-DD67086CCB79}.Release|Any CPU.Build.0 = Release|Any CPU
		{544BD978-7CEA-F1F2-A916-A5B97896D5FC}.Debug|Any CPU.ActiveCfg = Debug|Any CPU
		{544BD978-7CEA-F1F2-A916-A5B97896D5FC}.Debug|Any CPU.Build.0 = Debug|Any CPU
		{544BD978-7CEA-F1F2-A916-A5B97896D5FC}.Release|Any CPU.ActiveCfg = Release|Any CPU
		{544BD978-7CEA-F1F2-A916-A5B97896D5FC}.Release|Any CPU.Build.0 = Release|Any CPU
		{C10B11B2-4842-EFCE-8392-2EC5E1C8CBD0}.Debug|Any CPU.ActiveCfg = Debug|Any CPU
		{C10B11B2-4842-EFCE-8392-2EC5E1C8CBD0}.Debug|Any CPU.Build.0 = Debug|Any CPU
		{C10B11B2-4842-EFCE-8392-2EC5E1C8CBD0}.Release|Any CPU.ActiveCfg = Release|Any CPU
		{C10B11B2-4842-EFCE-8392-2EC5E1C8CBD0}.Release|Any CPU.Build.0 = Release|Any CPU
		{E91CC69B-BCD2-287E-95D5-C16226102907}.Debug|Any CPU.ActiveCfg = Debug|Any CPU
		{E91CC69B-BCD2-287E-95D5-C16226102907}.Debug|Any CPU.Build.0 = Debug|Any CPU
		{E91CC69B-BCD2-287E-95D5-C16226102907}.Release|Any CPU.ActiveCfg = Release|Any CPU
		{E91CC69B-BCD2-287E-95D5-C16226102907}.Release|Any CPU.Build.0 = Release|Any CPU
		{4CAFD555-289B-B432-3ADE-F89DB3FA1245}.Debug|Any CPU.ActiveCfg = Debug|Any CPU
		{4CAFD555-289B-B432-3ADE-F89DB3FA1245}.Debug|Any CPU.Build.0 = Debug|Any CPU
		{4CAFD555-289B-B432-3ADE-F89DB3FA1245}.Release|Any CPU.ActiveCfg = Release|Any CPU
		{4CAFD555-289B-B432-3ADE-F89DB3FA1245}.Release|Any CPU.Build.0 = Release|Any CPU
		{E3977BF9-276F-FFB8-6777-1C2FF6464018}.Debug|Any CPU.ActiveCfg = Debug|Any CPU
		{E3977BF9-276F-FFB8-6777-1C2FF6464018}.Debug|Any CPU.Build.0 = Debug|Any CPU
		{E3977BF9-276F-FFB8-6777-1C2FF6464018}.Release|Any CPU.ActiveCfg = Release|Any CPU
		{E3977BF9-276F-FFB8-6777-1C2FF6464018}.Release|Any CPU.Build.0 = Release|Any CPU
		{8C28858D-85CA-1673-4E13-9A5B9442CBD9}.Debug|Any CPU.ActiveCfg = Debug|Any CPU
		{8C28858D-85CA-1673-4E13-9A5B9442CBD9}.Debug|Any CPU.Build.0 = Debug|Any CPU
		{8C28858D-85CA-1673-4E13-9A5B9442CBD9}.Release|Any CPU.ActiveCfg = Release|Any CPU
		{8C28858D-85CA-1673-4E13-9A5B9442CBD9}.Release|Any CPU.Build.0 = Release|Any CPU
		{965DE0B5-0CB8-1B4C-F6F9-8D1157AAFA41}.Debug|Any CPU.ActiveCfg = Debug|Any CPU
		{965DE0B5-0CB8-1B4C-F6F9-8D1157AAFA41}.Debug|Any CPU.Build.0 = Debug|Any CPU
		{965DE0B5-0CB8-1B4C-F6F9-8D1157AAFA41}.Release|Any CPU.ActiveCfg = Release|Any CPU
		{965DE0B5-0CB8-1B4C-F6F9-8D1157AAFA41}.Release|Any CPU.Build.0 = Release|Any CPU
		{46379A09-B833-2A6F-CD5B-6C58BC327568}.Debug|Any CPU.ActiveCfg = Debug|Any CPU
		{46379A09-B833-2A6F-CD5B-6C58BC327568}.Debug|Any CPU.Build.0 = Debug|Any CPU
		{46379A09-B833-2A6F-CD5B-6C58BC327568}.Release|Any CPU.ActiveCfg = Release|Any CPU
		{46379A09-B833-2A6F-CD5B-6C58BC327568}.Release|Any CPU.Build.0 = Release|Any CPU
		{69076E05-9B9F-7500-50EE-1C07AA4ECB71}.Debug|Any CPU.ActiveCfg = Debug|Any CPU
		{69076E05-9B9F-7500-50EE-1C07AA4ECB71}.Debug|Any CPU.Build.0 = Debug|Any CPU
		{69076E05-9B9F-7500-50EE-1C07AA4ECB71}.Release|Any CPU.ActiveCfg = Release|Any CPU
		{69076E05-9B9F-7500-50EE-1C07AA4ECB71}.Release|Any CPU.Build.0 = Release|Any CPU
		{944ACF27-7FAB-EE2D-3EFF-7A6762B84154}.Debug|Any CPU.ActiveCfg = Debug|Any CPU
		{944ACF27-7FAB-EE2D-3EFF-7A6762B84154}.Debug|Any CPU.Build.0 = Debug|Any CPU
		{944ACF27-7FAB-EE2D-3EFF-7A6762B84154}.Release|Any CPU.ActiveCfg = Release|Any CPU
		{944ACF27-7FAB-EE2D-3EFF-7A6762B84154}.Release|Any CPU.Build.0 = Release|Any CPU
		{601E1E61-DAD5-73A9-CC67-13B78B6A16B2}.Debug|Any CPU.ActiveCfg = Debug|Any CPU
		{601E1E61-DAD5-73A9-CC67-13B78B6A16B2}.Debug|Any CPU.Build.0 = Debug|Any CPU
		{601E1E61-DAD5-73A9-CC67-13B78B6A16B2}.Release|Any CPU.ActiveCfg = Release|Any CPU
		{601E1E61-DAD5-73A9-CC67-13B78B6A16B2}.Release|Any CPU.Build.0 = Release|Any CPU
		{4CBF3B7B-061D-1C7A-E6D0-50C55804E0CD}.Debug|Any CPU.ActiveCfg = Debug|Any CPU
		{4CBF3B7B-061D-1C7A-E6D0-50C55804E0CD}.Debug|Any CPU.Build.0 = Debug|Any CPU
		{4CBF3B7B-061D-1C7A-E6D0-50C55804E0CD}.Release|Any CPU.ActiveCfg = Release|Any CPU
		{4CBF3B7B-061D-1C7A-E6D0-50C55804E0CD}.Release|Any CPU.Build.0 = Release|Any CPU
		{86AF5A6A-B444-5BB2-111A-DD1DD00AA55E}.Debug|Any CPU.ActiveCfg = Debug|Any CPU
		{86AF5A6A-B444-5BB2-111A-DD1DD00AA55E}.Debug|Any CPU.Build.0 = Debug|Any CPU
		{86AF5A6A-B444-5BB2-111A-DD1DD00AA55E}.Release|Any CPU.ActiveCfg = Release|Any CPU
		{86AF5A6A-B444-5BB2-111A-DD1DD00AA55E}.Release|Any CPU.Build.0 = Release|Any CPU
		{00663C00-F5FC-F61C-3662-F67AC6ACC39E}.Debug|Any CPU.ActiveCfg = Debug|Any CPU
		{00663C00-F5FC-F61C-3662-F67AC6ACC39E}.Debug|Any CPU.Build.0 = Debug|Any CPU
		{00663C00-F5FC-F61C-3662-F67AC6ACC39E}.Release|Any CPU.ActiveCfg = Release|Any CPU
		{00663C00-F5FC-F61C-3662-F67AC6ACC39E}.Release|Any CPU.Build.0 = Release|Any CPU
		{4A162062-037F-B19F-568F-FB896D9255F0}.Debug|Any CPU.ActiveCfg = Debug|Any CPU
		{4A162062-037F-B19F-568F-FB896D9255F0}.Debug|Any CPU.Build.0 = Debug|Any CPU
		{4A162062-037F-B19F-568F-FB896D9255F0}.Release|Any CPU.ActiveCfg = Release|Any CPU
		{4A162062-037F-B19F-568F-FB896D9255F0}.Release|Any CPU.Build.0 = Release|Any CPU
		{565900C6-30B7-59AC-6C7F-0FF5CD665CC8}.Debug|Any CPU.ActiveCfg = Debug|Any CPU
		{565900C6-30B7-59AC-6C7F-0FF5CD665CC8}.Debug|Any CPU.Build.0 = Debug|Any CPU
		{565900C6-30B7-59AC-6C7F-0FF5CD665CC8}.Release|Any CPU.ActiveCfg = Release|Any CPU
		{565900C6-30B7-59AC-6C7F-0FF5CD665CC8}.Release|Any CPU.Build.0 = Release|Any CPU
		{C47A0C56-F24A-9AF4-C3B1-5E8E0CAE31FB}.Debug|Any CPU.ActiveCfg = Debug|Any CPU
		{C47A0C56-F24A-9AF4-C3B1-5E8E0CAE31FB}.Debug|Any CPU.Build.0 = Debug|Any CPU
		{C47A0C56-F24A-9AF4-C3B1-5E8E0CAE31FB}.Release|Any CPU.ActiveCfg = Release|Any CPU
		{C47A0C56-F24A-9AF4-C3B1-5E8E0CAE31FB}.Release|Any CPU.Build.0 = Release|Any CPU
		{23A78996-37DB-43B6-6A94-60118D545D4F}.Debug|Any CPU.ActiveCfg = Debug|Any CPU
		{23A78996-37DB-43B6-6A94-60118D545D4F}.Debug|Any CPU.Build.0 = Debug|Any CPU
		{23A78996-37DB-43B6-6A94-60118D545D4F}.Release|Any CPU.ActiveCfg = Release|Any CPU
		{23A78996-37DB-43B6-6A94-60118D545D4F}.Release|Any CPU.Build.0 = Release|Any CPU
		{7BEC70A6-075E-6306-D7FA-18EABA54D0A4}.Debug|Any CPU.ActiveCfg = Debug|Any CPU
		{7BEC70A6-075E-6306-D7FA-18EABA54D0A4}.Debug|Any CPU.Build.0 = Debug|Any CPU
		{7BEC70A6-075E-6306-D7FA-18EABA54D0A4}.Release|Any CPU.ActiveCfg = Release|Any CPU
		{7BEC70A6-075E-6306-D7FA-18EABA54D0A4}.Release|Any CPU.Build.0 = Release|Any CPU
		{DF2EC5D6-B6C5-2D15-85DE-F23B5B2C331B}.Debug|Any CPU.ActiveCfg = Debug|Any CPU
		{DF2EC5D6-B6C5-2D15-85DE-F23B5B2C331B}.Debug|Any CPU.Build.0 = Debug|Any CPU
		{DF2EC5D6-B6C5-2D15-85DE-F23B5B2C331B}.Release|Any CPU.ActiveCfg = Release|Any CPU
		{DF2EC5D6-B6C5-2D15-85DE-F23B5B2C331B}.Release|Any CPU.Build.0 = Release|Any CPU
		{F57D0EF4-CBBD-167B-F1F6-E306AD823A4B}.Debug|Any CPU.ActiveCfg = Debug|Any CPU
		{F57D0EF4-CBBD-167B-F1F6-E306AD823A4B}.Debug|Any CPU.Build.0 = Debug|Any CPU
		{F57D0EF4-CBBD-167B-F1F6-E306AD823A4B}.Release|Any CPU.ActiveCfg = Release|Any CPU
		{F57D0EF4-CBBD-167B-F1F6-E306AD823A4B}.Release|Any CPU.Build.0 = Release|Any CPU
		{A839E582-F8A9-E462-A113-4C5B1B2859BA}.Debug|Any CPU.ActiveCfg = Debug|Any CPU
		{A839E582-F8A9-E462-A113-4C5B1B2859BA}.Debug|Any CPU.Build.0 = Debug|Any CPU
		{A839E582-F8A9-E462-A113-4C5B1B2859BA}.Release|Any CPU.ActiveCfg = Release|Any CPU
		{A839E582-F8A9-E462-A113-4C5B1B2859BA}.Release|Any CPU.Build.0 = Release|Any CPU
		{F72B3E7C-812B-A950-D7C0-5E7B709856EB}.Debug|Any CPU.ActiveCfg = Debug|Any CPU
		{F72B3E7C-812B-A950-D7C0-5E7B709856EB}.Debug|Any CPU.Build.0 = Debug|Any CPU
		{F72B3E7C-812B-A950-D7C0-5E7B709856EB}.Release|Any CPU.ActiveCfg = Release|Any CPU
		{F72B3E7C-812B-A950-D7C0-5E7B709856EB}.Release|Any CPU.Build.0 = Release|Any CPU
		{5FA45438-2C9A-6A14-D0F4-35B0254CFC6E}.Debug|Any CPU.ActiveCfg = Debug|Any CPU
		{5FA45438-2C9A-6A14-D0F4-35B0254CFC6E}.Debug|Any CPU.Build.0 = Debug|Any CPU
		{5FA45438-2C9A-6A14-D0F4-35B0254CFC6E}.Release|Any CPU.ActiveCfg = Release|Any CPU
		{5FA45438-2C9A-6A14-D0F4-35B0254CFC6E}.Release|Any CPU.Build.0 = Release|Any CPU
		{F58EAEBC-78FD-7793-5DE4-821D6B502519}.Debug|Any CPU.ActiveCfg = Debug|Any CPU
		{F58EAEBC-78FD-7793-5DE4-821D6B502519}.Debug|Any CPU.Build.0 = Debug|Any CPU
		{F58EAEBC-78FD-7793-5DE4-821D6B502519}.Release|Any CPU.ActiveCfg = Release|Any CPU
		{F58EAEBC-78FD-7793-5DE4-821D6B502519}.Release|Any CPU.Build.0 = Release|Any CPU
		{A1E74F22-E5A6-FB1E-0562-5AF9FA22E0C4}.Debug|Any CPU.ActiveCfg = Debug|Any CPU
		{A1E74F22-E5A6-FB1E-0562-5AF9FA22E0C4}.Debug|Any CPU.Build.0 = Debug|Any CPU
		{A1E74F22-E5A6-FB1E-0562-5AF9FA22E0C4}.Release|Any CPU.ActiveCfg = Release|Any CPU
		{A1E74F22-E5A6-FB1E-0562-5AF9FA22E0C4}.Release|Any CPU.Build.0 = Release|Any CPU
		{EA88F6FC-A4C7-E851-2C68-02D9599888AF}.Debug|Any CPU.ActiveCfg = Debug|Any CPU
		{EA88F6FC-A4C7-E851-2C68-02D9599888AF}.Debug|Any CPU.Build.0 = Debug|Any CPU
		{EA88F6FC-A4C7-E851-2C68-02D9599888AF}.Release|Any CPU.ActiveCfg = Release|Any CPU
		{EA88F6FC-A4C7-E851-2C68-02D9599888AF}.Release|Any CPU.Build.0 = Release|Any CPU
		{F616AB82-FE58-42DA-33C7-B4CC57F0CD9F}.Debug|Any CPU.ActiveCfg = Debug|Any CPU
		{F616AB82-FE58-42DA-33C7-B4CC57F0CD9F}.Debug|Any CPU.Build.0 = Debug|Any CPU
		{F616AB82-FE58-42DA-33C7-B4CC57F0CD9F}.Release|Any CPU.ActiveCfg = Release|Any CPU
		{F616AB82-FE58-42DA-33C7-B4CC57F0CD9F}.Release|Any CPU.Build.0 = Release|Any CPU
		{D9FA7FD6-93C9-648A-9340-BD702BAC0089}.Debug|Any CPU.ActiveCfg = Debug|Any CPU
		{D9FA7FD6-93C9-648A-9340-BD702BAC0089}.Debug|Any CPU.Build.0 = Debug|Any CPU
		{D9FA7FD6-93C9-648A-9340-BD702BAC0089}.Release|Any CPU.ActiveCfg = Release|Any CPU
		{D9FA7FD6-93C9-648A-9340-BD702BAC0089}.Release|Any CPU.Build.0 = Release|Any CPU
		{805F8BCA-20EA-FCC4-4EB9-7C9B5DC06E53}.Debug|Any CPU.ActiveCfg = Debug|Any CPU
		{805F8BCA-20EA-FCC4-4EB9-7C9B5DC06E53}.Debug|Any CPU.Build.0 = Debug|Any CPU
		{805F8BCA-20EA-FCC4-4EB9-7C9B5DC06E53}.Release|Any CPU.ActiveCfg = Release|Any CPU
		{805F8BCA-20EA-FCC4-4EB9-7C9B5DC06E53}.Release|Any CPU.Build.0 = Release|Any CPU
		{13108FAC-234A-8F0C-A173-9C1C33C28239}.Debug|Any CPU.ActiveCfg = Debug|Any CPU
		{13108FAC-234A-8F0C-A173-9C1C33C28239}.Debug|Any CPU.Build.0 = Debug|Any CPU
		{13108FAC-234A-8F0C-A173-9C1C33C28239}.Release|Any CPU.ActiveCfg = Release|Any CPU
		{13108FAC-234A-8F0C-A173-9C1C33C28239}.Release|Any CPU.Build.0 = Release|Any CPU
		{44991BFE-203E-6A10-3575-2E895454154B}.Debug|Any CPU.ActiveCfg = Debug|Any CPU
		{44991BFE-203E-6A10-3575-2E895454154B}.Debug|Any CPU.Build.0 = Debug|Any CPU
		{44991BFE-203E-6A10-3575-2E895454154B}.Release|Any CPU.ActiveCfg = Release|Any CPU
		{44991BFE-203E-6A10-3575-2E895454154B}.Release|Any CPU.Build.0 = Release|Any CPU
		{8F80A8CD-B19C-FAEC-9C30-756CF2FE2DAC}.Debug|Any CPU.ActiveCfg = Debug|Any CPU
		{8F80A8CD-B19C-FAEC-9C30-756CF2FE2DAC}.Debug|Any CPU.Build.0 = Debug|Any CPU
		{8F80A8CD-B19C-FAEC-9C30-756CF2FE2DAC}.Release|Any CPU.ActiveCfg = Release|Any CPU
		{8F80A8CD-B19C-FAEC-9C30-756CF2FE2DAC}.Release|Any CPU.Build.0 = Release|Any CPU
		{6569D3B5-9419-8F4D-F95B-EA241E2E6D42}.Debug|Any CPU.ActiveCfg = Debug|Any CPU
		{6569D3B5-9419-8F4D-F95B-EA241E2E6D42}.Debug|Any CPU.Build.0 = Debug|Any CPU
		{6569D3B5-9419-8F4D-F95B-EA241E2E6D42}.Release|Any CPU.ActiveCfg = Release|Any CPU
		{6569D3B5-9419-8F4D-F95B-EA241E2E6D42}.Release|Any CPU.Build.0 = Release|Any CPU
		{075E809B-CD3D-F53A-5AAA-F26478DC9797}.Debug|Any CPU.ActiveCfg = Debug|Any CPU
		{075E809B-CD3D-F53A-5AAA-F26478DC9797}.Debug|Any CPU.Build.0 = Debug|Any CPU
		{075E809B-CD3D-F53A-5AAA-F26478DC9797}.Release|Any CPU.ActiveCfg = Release|Any CPU
		{075E809B-CD3D-F53A-5AAA-F26478DC9797}.Release|Any CPU.Build.0 = Release|Any CPU
		{129D9781-243A-1C7D-A71B-0EE0DB2A8321}.Debug|Any CPU.ActiveCfg = Debug|Any CPU
		{129D9781-243A-1C7D-A71B-0EE0DB2A8321}.Debug|Any CPU.Build.0 = Debug|Any CPU
		{129D9781-243A-1C7D-A71B-0EE0DB2A8321}.Release|Any CPU.ActiveCfg = Release|Any CPU
		{129D9781-243A-1C7D-A71B-0EE0DB2A8321}.Release|Any CPU.Build.0 = Release|Any CPU
		{7E8F0F1F-6FF3-FDE8-216E-836702184E9D}.Debug|Any CPU.ActiveCfg = Debug|Any CPU
		{7E8F0F1F-6FF3-FDE8-216E-836702184E9D}.Debug|Any CPU.Build.0 = Debug|Any CPU
		{7E8F0F1F-6FF3-FDE8-216E-836702184E9D}.Release|Any CPU.ActiveCfg = Release|Any CPU
		{7E8F0F1F-6FF3-FDE8-216E-836702184E9D}.Release|Any CPU.Build.0 = Release|Any CPU
		{AC70C818-A35A-A39E-A62B-0FEE50EE0571}.Debug|Any CPU.ActiveCfg = Debug|Any CPU
		{AC70C818-A35A-A39E-A62B-0FEE50EE0571}.Debug|Any CPU.Build.0 = Debug|Any CPU
		{AC70C818-A35A-A39E-A62B-0FEE50EE0571}.Release|Any CPU.ActiveCfg = Release|Any CPU
		{AC70C818-A35A-A39E-A62B-0FEE50EE0571}.Release|Any CPU.Build.0 = Release|Any CPU
		{8E4017B8-8F98-D124-6BCB-5F648B5EE453}.Debug|Any CPU.ActiveCfg = Debug|Any CPU
		{8E4017B8-8F98-D124-6BCB-5F648B5EE453}.Debug|Any CPU.Build.0 = Debug|Any CPU
		{8E4017B8-8F98-D124-6BCB-5F648B5EE453}.Release|Any CPU.ActiveCfg = Release|Any CPU
		{8E4017B8-8F98-D124-6BCB-5F648B5EE453}.Release|Any CPU.Build.0 = Release|Any CPU
		{C0B5B938-D183-AA02-76C9-6AB72166A74A}.Debug|Any CPU.ActiveCfg = Debug|Any CPU
		{C0B5B938-D183-AA02-76C9-6AB72166A74A}.Debug|Any CPU.Build.0 = Debug|Any CPU
		{C0B5B938-D183-AA02-76C9-6AB72166A74A}.Release|Any CPU.ActiveCfg = Release|Any CPU
		{C0B5B938-D183-AA02-76C9-6AB72166A74A}.Release|Any CPU.Build.0 = Release|Any CPU
		{0750D866-BD60-E086-0C4F-E7D60F24B12F}.Debug|Any CPU.ActiveCfg = Debug|Any CPU
		{0750D866-BD60-E086-0C4F-E7D60F24B12F}.Debug|Any CPU.Build.0 = Debug|Any CPU
		{0750D866-BD60-E086-0C4F-E7D60F24B12F}.Release|Any CPU.ActiveCfg = Release|Any CPU
		{0750D866-BD60-E086-0C4F-E7D60F24B12F}.Release|Any CPU.Build.0 = Release|Any CPU
		{5B9C4880-9A07-E7F9-6365-BC65AFF6F962}.Debug|Any CPU.ActiveCfg = Debug|Any CPU
		{5B9C4880-9A07-E7F9-6365-BC65AFF6F962}.Debug|Any CPU.Build.0 = Debug|Any CPU
		{5B9C4880-9A07-E7F9-6365-BC65AFF6F962}.Release|Any CPU.ActiveCfg = Release|Any CPU
		{5B9C4880-9A07-E7F9-6365-BC65AFF6F962}.Release|Any CPU.Build.0 = Release|Any CPU
		{1C63009C-9465-099B-FE52-15F850E86A37}.Debug|Any CPU.ActiveCfg = Debug|Any CPU
		{1C63009C-9465-099B-FE52-15F850E86A37}.Debug|Any CPU.Build.0 = Debug|Any CPU
		{1C63009C-9465-099B-FE52-15F850E86A37}.Release|Any CPU.ActiveCfg = Release|Any CPU
		{1C63009C-9465-099B-FE52-15F850E86A37}.Release|Any CPU.Build.0 = Release|Any CPU
	EndGlobalSection
	GlobalSection(SolutionProperties) = preSolution
		HideSolutionNode = FALSE
	EndGlobalSection
	GlobalSection(NestedProjects) = preSolution
		{59EB7C3C-83B3-CCA7-3011-954CD63AB3A2} = {6225576A-36DC-8F78-7EF0-ED5DBDB8482C}
		{4D27CB48-06E8-B414-3DA5-F933EFCA3B4D} = {6225576A-36DC-8F78-7EF0-ED5DBDB8482C}
		{57D05981-B67D-E2D4-4990-B504249CFFED} = {6225576A-36DC-8F78-7EF0-ED5DBDB8482C}
		{D129E7A0-552A-8425-48BD-550C9E6A1D97} = {6225576A-36DC-8F78-7EF0-ED5DBDB8482C}
		{11BDBDDF-2010-0958-5C57-18E5105E7C47} = {6225576A-36DC-8F78-7EF0-ED5DBDB8482C}
		{8E0FEF57-A537-A0D0-23D5-2EDFA6EA86E2} = {6225576A-36DC-8F78-7EF0-ED5DBDB8482C}
		{8C36A8B9-54F0-2247-481F-AE7151A21CEF} = {6225576A-36DC-8F78-7EF0-ED5DBDB8482C}
		{00364DBE-974A-B249-B765-B27F4E44202F} = {6225576A-36DC-8F78-7EF0-ED5DBDB8482C}
		{5F875885-ADF3-EC40-445D-B3C73ABEE9AE} = {6225576A-36DC-8F78-7EF0-ED5DBDB8482C}
		{5B9FD949-C611-A497-8B0A-FF08CCCC4D1B} = {6225576A-36DC-8F78-7EF0-ED5DBDB8482C}
		{559270DC-C99B-C2B4-8130-9726367648AB} = {6225576A-36DC-8F78-7EF0-ED5DBDB8482C}
		{2BFFC2BB-E986-3E98-518F-1567F972B809} = {6225576A-36DC-8F78-7EF0-ED5DBDB8482C}
		{CEA6C1FA-0194-32C8-BA9C-FC6E3BDCBB08} = {6225576A-36DC-8F78-7EF0-ED5DBDB8482C}
		{CE56D2DF-7B83-8DF9-01A1-43AF97127A22} = {6225576A-36DC-8F78-7EF0-ED5DBDB8482C}
		{A6966D7B-35EE-AAD4-A01C-0C425D3895F2} = {6225576A-36DC-8F78-7EF0-ED5DBDB8482C}
		{91E6DF46-4AEC-026D-2809-938BAE9462E5} = {6225576A-36DC-8F78-7EF0-ED5DBDB8482C}
		{5130C43A-B901-DAFB-FD98-8BCB36F44499} = {6225576A-36DC-8F78-7EF0-ED5DBDB8482C}
		{B13B96D7-09E8-7EB0-E77B-CF8B80DEEE93} = {6225576A-36DC-8F78-7EF0-ED5DBDB8482C}
		{D0FF3263-E40D-D5C5-65F0-053A8A5081FD} = {6225576A-36DC-8F78-7EF0-ED5DBDB8482C}
		{726BF24D-4E48-CD3B-0D22-BF50D5E0436A} = {6225576A-36DC-8F78-7EF0-ED5DBDB8482C}
		{DE628757-50CC-3470-6BD7-EA12C8C43B1B} = {6225576A-36DC-8F78-7EF0-ED5DBDB8482C}
		{7D20A7DA-E1DE-2BD3-099C-56F38AC4E842} = {6225576A-36DC-8F78-7EF0-ED5DBDB8482C}
		{E7C14C61-DFE3-3F33-6420-D8F2D97EBBC3} = {6225576A-36DC-8F78-7EF0-ED5DBDB8482C}
		{63F49415-0435-4350-E05A-20A4F462E46F} = {BBF4593E-AC59-8A1D-50C8-31E90D6AFC91}
		{A6E44AB9-2E0B-0DD2-FC62-AB363AD6D269} = {BBF4593E-AC59-8A1D-50C8-31E90D6AFC91}
		{20E72165-F891-F14A-037A-D1AD36EAFBEB} = {BBF4593E-AC59-8A1D-50C8-31E90D6AFC91}
		{23E15767-400E-2BA4-9CD6-084560CCDCD8} = {BBF4593E-AC59-8A1D-50C8-31E90D6AFC91}
		{68498931-E66B-594C-CE73-3105F6CE2818} = {BBF4593E-AC59-8A1D-50C8-31E90D6AFC91}
		{835ED7D5-F426-B8FF-ADCB-3BA1C7FA59ED} = {59EB7C3C-83B3-CCA7-3011-954CD63AB3A2}
		{D1FA06D7-8118-E2F1-C40E-330B13EC4516} = {59EB7C3C-83B3-CCA7-3011-954CD63AB3A2}
		{EC52B0EB-B7A0-135D-5481-FF0FE398E321} = {59EB7C3C-83B3-CCA7-3011-954CD63AB3A2}
		{54665C7F-A9FC-2BBB-CC12-7FDD392C65EE} = {59EB7C3C-83B3-CCA7-3011-954CD63AB3A2}
		{D47EC1E3-83A6-4995-1E43-9DEBB1289DE5} = {59EB7C3C-83B3-CCA7-3011-954CD63AB3A2}
		{866CADF3-2008-33A4-03B2-B5C8B22C23BA} = {4D27CB48-06E8-B414-3DA5-F933EFCA3B4D}
		{3BE542E3-AA37-5AE5-C491-610026AC6EA6} = {4D27CB48-06E8-B414-3DA5-F933EFCA3B4D}
		{A51A7F41-5E30-654D-82AC-C05755D2DC9C} = {4D27CB48-06E8-B414-3DA5-F933EFCA3B4D}
		{C7D7B8F7-211A-176C-20FD-D0BB495001E7} = {4D27CB48-06E8-B414-3DA5-F933EFCA3B4D}
		{B43C7EB1-4370-5A02-DEF1-EE3E92AA9D81} = {4D27CB48-06E8-B414-3DA5-F933EFCA3B4D}
		{9CCE7908-B927-F97C-5382-65B2D68CEAA5} = {57D05981-B67D-E2D4-4990-B504249CFFED}
		{2BAF0C64-E80D-8C00-4B79-A7AFCEC0A374} = {57D05981-B67D-E2D4-4990-B504249CFFED}
		{7CAB3F70-A18C-2B59-8C62-57F271EC2DEE} = {57D05981-B67D-E2D4-4990-B504249CFFED}
		{FA52D2B6-79C9-6226-EBBA-987419E69273} = {57D05981-B67D-E2D4-4990-B504249CFFED}
		{E84049F8-0EC8-5FBD-D977-B7FDA2FCD7BF} = {57D05981-B67D-E2D4-4990-B504249CFFED}
		{F32F5C3B-D9C5-1E31-C960-ED1ED24410A5} = {D129E7A0-552A-8425-48BD-550C9E6A1D97}
		{6F35A49B-561E-F3AB-C42A-9C9E607C9234} = {D129E7A0-552A-8425-48BD-550C9E6A1D97}
		{77BEC819-DF21-DE3B-54E6-A985E9EA8BC7} = {D129E7A0-552A-8425-48BD-550C9E6A1D97}
		{717BD357-E198-673E-36EF-16450508D777} = {D129E7A0-552A-8425-48BD-550C9E6A1D97}
		{3AED7699-1CE8-40D6-1053-7A3B42C20CBB} = {D129E7A0-552A-8425-48BD-550C9E6A1D97}
		{E3C09AE2-CB1A-18F4-5EA2-FB34A65A95B8} = {11BDBDDF-2010-0958-5C57-18E5105E7C47}
		{42DBCABC-539E-2D12-03A7-6FC9B0A85039} = {11BDBDDF-2010-0958-5C57-18E5105E7C47}
		{FD69F08A-0AF5-DBDA-2BCC-26B347822139} = {11BDBDDF-2010-0958-5C57-18E5105E7C47}
		{37C0186A-7AB5-5029-CB4C-67E970B2B1F9} = {11BDBDDF-2010-0958-5C57-18E5105E7C47}
		{F2EEB07E-52A7-BF09-D257-4DE7F39E80F0} = {11BDBDDF-2010-0958-5C57-18E5105E7C47}
		{EF958596-3377-8DEA-77E0-627F003A4497} = {8E0FEF57-A537-A0D0-23D5-2EDFA6EA86E2}
		{A2B3EFDE-B058-85B2-AD8E-270190F21DD6} = {8E0FEF57-A537-A0D0-23D5-2EDFA6EA86E2}
		{6C56A17E-81C2-87F5-4460-EBA37552C5A2} = {8E0FEF57-A537-A0D0-23D5-2EDFA6EA86E2}
		{C380E538-4358-8C49-6132-4FC990F8226A} = {8E0FEF57-A537-A0D0-23D5-2EDFA6EA86E2}
		{0F211892-86A0-12B5-7157-1D9413F6F7F7} = {8E0FEF57-A537-A0D0-23D5-2EDFA6EA86E2}
		{277B6400-740C-AC1A-B1B5-8B618642C5B9} = {8C36A8B9-54F0-2247-481F-AE7151A21CEF}
		{6C7DEB96-79D6-77D8-53F9-1BA56BE82A2F} = {8C36A8B9-54F0-2247-481F-AE7151A21CEF}
		{5FA033C0-64F0-3445-6C2A-6BE568BA08DA} = {8C36A8B9-54F0-2247-481F-AE7151A21CEF}
		{A86692F0-058D-8C45-9E6E-2423A61A9BE3} = {8C36A8B9-54F0-2247-481F-AE7151A21CEF}
		{75C66E68-6C9F-FAF5-CCAA-8F330EAAA035} = {8C36A8B9-54F0-2247-481F-AE7151A21CEF}
		{99A91A77-4109-A53A-F19B-3C93613CB092} = {00364DBE-974A-B249-B765-B27F4E44202F}
		{4C8D6B0D-611B-195A-9867-55D7CF8AF97C} = {00364DBE-974A-B249-B765-B27F4E44202F}
		{42AEF195-DFB8-4244-8621-00EACD5A5999} = {00364DBE-974A-B249-B765-B27F4E44202F}
		{90CCF3FD-E0CE-B80A-E6C3-28C6BF0A060D} = {00364DBE-974A-B249-B765-B27F4E44202F}
		{BB2077D1-F610-79C2-43D7-C2E2A48EB5C7} = {00364DBE-974A-B249-B765-B27F4E44202F}
		{EB56E524-DF8B-6F64-39A0-84326E4EE62B} = {5F875885-ADF3-EC40-445D-B3C73ABEE9AE}
		{CF677BBC-2F0A-B3B7-9E01-7CD0B22EB10B} = {5F875885-ADF3-EC40-445D-B3C73ABEE9AE}
		{F146EE94-409A-23CB-4846-D28D14EE08DC} = {5F875885-ADF3-EC40-445D-B3C73ABEE9AE}
		{E50DC7EA-112E-3B70-9360-DE7D1654824E} = {5F875885-ADF3-EC40-445D-B3C73ABEE9AE}
		{B07A5074-7BDD-4E7E-7732-FE04C5CE0CEF} = {5F875885-ADF3-EC40-445D-B3C73ABEE9AE}
		{EB283A10-97E1-D82E-8293-3306908C1572} = {5B9FD949-C611-A497-8B0A-FF08CCCC4D1B}
		{379BAFB2-EF4E-ECC5-CD98-DB5E69F222D6} = {5B9FD949-C611-A497-8B0A-FF08CCCC4D1B}
		{79AD5AC0-2C7F-B3E9-E531-CA440E5CC94E} = {5B9FD949-C611-A497-8B0A-FF08CCCC4D1B}
		{360EF020-C283-218A-8BDE-178497CC495D} = {5B9FD949-C611-A497-8B0A-FF08CCCC4D1B}
		{210AE488-C60C-1B1E-BC15-3A1461147A19} = {5B9FD949-C611-A497-8B0A-FF08CCCC4D1B}
		{FBB07ECB-440B-16DF-FFB6-ED6F8A1CBBBD} = {559270DC-C99B-C2B4-8130-9726367648AB}
		{8CF663FF-1658-A81A-9538-24EC9A488360} = {559270DC-C99B-C2B4-8130-9726367648AB}
		{04A0D6B1-6CC5-68D6-C0CD-6C76E90AAC08} = {559270DC-C99B-C2B4-8130-9726367648AB}
		{C811D173-D04B-7EA0-70A2-B6B1A70CA0E9} = {559270DC-C99B-C2B4-8130-9726367648AB}
		{6C85EAA9-DE71-F17F-A7B7-9DFA0B4A79C6} = {559270DC-C99B-C2B4-8130-9726367648AB}
		{5C46C78E-726D-059C-6BA5-59DADA6E19C8} = {2BFFC2BB-E986-3E98-518F-1567F972B809}
		{3E9114F8-3D9F-489A-7003-760B7A744D9C} = {2BFFC2BB-E986-3E98-518F-1567F972B809}
		{D3ACA7BE-7D76-3541-FA66-E6ED60FE8710} = {2BFFC2BB-E986-3E98-518F-1567F972B809}
		{570AB886-EDFA-85F7-8BA8-D2FDD5B66652} = {2BFFC2BB-E986-3E98-518F-1567F972B809}
		{3FC4FF0A-70A8-8DEC-241A-B2283AB254B2} = {2BFFC2BB-E986-3E98-518F-1567F972B809}
		{83ADBF77-5C8E-2808-04BD-ABA5BBE85833} = {CEA6C1FA-0194-32C8-BA9C-FC6E3BDCBB08}
		{5D8735A9-E66F-4E51-CCC8-13D69B0A2AA7} = {CEA6C1FA-0194-32C8-BA9C-FC6E3BDCBB08}
		{897D5C45-E6CF-A697-8123-2FEADCCE67EC} = {CEA6C1FA-0194-32C8-BA9C-FC6E3BDCBB08}
		{1842D7A1-F3B9-360E-D291-2E4CDC322128} = {CEA6C1FA-0194-32C8-BA9C-FC6E3BDCBB08}
		{BCE0EA91-79D1-4C64-2A5A-F084E022538B} = {CEA6C1FA-0194-32C8-BA9C-FC6E3BDCBB08}
		{8E2C9B7E-925E-8A10-8D66-043C6D621F38} = {CE56D2DF-7B83-8DF9-01A1-43AF97127A22}
		{D6AD2A4A-C9FC-74FF-0F46-A2525026C6BA} = {CE56D2DF-7B83-8DF9-01A1-43AF97127A22}
		{FD3DB426-F659-FFD8-6E41-02E537BA9818} = {CE56D2DF-7B83-8DF9-01A1-43AF97127A22}
		{DC353A0C-98E2-F6EC-F81A-2AD961EC60F8} = {CE56D2DF-7B83-8DF9-01A1-43AF97127A22}
		{23FBEFCA-DF98-646F-00A7-4794788EDF3F} = {CE56D2DF-7B83-8DF9-01A1-43AF97127A22}
		{77126D06-91A1-02F6-3335-75E4BBB4A294} = {A6966D7B-35EE-AAD4-A01C-0C425D3895F2}
		{F4A719A2-2DE4-8A38-2EEB-7E9FFA28030F} = {A6966D7B-35EE-AAD4-A01C-0C425D3895F2}
		{A970F746-C7E1-7417-0C98-DD67086CCB79} = {A6966D7B-35EE-AAD4-A01C-0C425D3895F2}
		{544BD978-7CEA-F1F2-A916-A5B97896D5FC} = {A6966D7B-35EE-AAD4-A01C-0C425D3895F2}
		{C10B11B2-4842-EFCE-8392-2EC5E1C8CBD0} = {A6966D7B-35EE-AAD4-A01C-0C425D3895F2}
		{E91CC69B-BCD2-287E-95D5-C16226102907} = {91E6DF46-4AEC-026D-2809-938BAE9462E5}
		{4CAFD555-289B-B432-3ADE-F89DB3FA1245} = {91E6DF46-4AEC-026D-2809-938BAE9462E5}
		{E3977BF9-276F-FFB8-6777-1C2FF6464018} = {91E6DF46-4AEC-026D-2809-938BAE9462E5}
		{8C28858D-85CA-1673-4E13-9A5B9442CBD9} = {91E6DF46-4AEC-026D-2809-938BAE9462E5}
		{965DE0B5-0CB8-1B4C-F6F9-8D1157AAFA41} = {91E6DF46-4AEC-026D-2809-938BAE9462E5}
		{46379A09-B833-2A6F-CD5B-6C58BC327568} = {5130C43A-B901-DAFB-FD98-8BCB36F44499}
		{69076E05-9B9F-7500-50EE-1C07AA4ECB71} = {5130C43A-B901-DAFB-FD98-8BCB36F44499}
		{944ACF27-7FAB-EE2D-3EFF-7A6762B84154} = {5130C43A-B901-DAFB-FD98-8BCB36F44499}
		{601E1E61-DAD5-73A9-CC67-13B78B6A16B2} = {5130C43A-B901-DAFB-FD98-8BCB36F44499}
		{4CBF3B7B-061D-1C7A-E6D0-50C55804E0CD} = {5130C43A-B901-DAFB-FD98-8BCB36F44499}
		{86AF5A6A-B444-5BB2-111A-DD1DD00AA55E} = {B13B96D7-09E8-7EB0-E77B-CF8B80DEEE93}
		{00663C00-F5FC-F61C-3662-F67AC6ACC39E} = {B13B96D7-09E8-7EB0-E77B-CF8B80DEEE93}
		{4A162062-037F-B19F-568F-FB896D9255F0} = {B13B96D7-09E8-7EB0-E77B-CF8B80DEEE93}
		{565900C6-30B7-59AC-6C7F-0FF5CD665CC8} = {B13B96D7-09E8-7EB0-E77B-CF8B80DEEE93}
		{C47A0C56-F24A-9AF4-C3B1-5E8E0CAE31FB} = {B13B96D7-09E8-7EB0-E77B-CF8B80DEEE93}
		{23A78996-37DB-43B6-6A94-60118D545D4F} = {D0FF3263-E40D-D5C5-65F0-053A8A5081FD}
		{7BEC70A6-075E-6306-D7FA-18EABA54D0A4} = {D0FF3263-E40D-D5C5-65F0-053A8A5081FD}
		{DF2EC5D6-B6C5-2D15-85DE-F23B5B2C331B} = {D0FF3263-E40D-D5C5-65F0-053A8A5081FD}
		{F57D0EF4-CBBD-167B-F1F6-E306AD823A4B} = {D0FF3263-E40D-D5C5-65F0-053A8A5081FD}
		{A839E582-F8A9-E462-A113-4C5B1B2859BA} = {D0FF3263-E40D-D5C5-65F0-053A8A5081FD}
		{F72B3E7C-812B-A950-D7C0-5E7B709856EB} = {726BF24D-4E48-CD3B-0D22-BF50D5E0436A}
		{5FA45438-2C9A-6A14-D0F4-35B0254CFC6E} = {726BF24D-4E48-CD3B-0D22-BF50D5E0436A}
		{F58EAEBC-78FD-7793-5DE4-821D6B502519} = {726BF24D-4E48-CD3B-0D22-BF50D5E0436A}
		{A1E74F22-E5A6-FB1E-0562-5AF9FA22E0C4} = {726BF24D-4E48-CD3B-0D22-BF50D5E0436A}
		{EA88F6FC-A4C7-E851-2C68-02D9599888AF} = {726BF24D-4E48-CD3B-0D22-BF50D5E0436A}
		{F616AB82-FE58-42DA-33C7-B4CC57F0CD9F} = {DE628757-50CC-3470-6BD7-EA12C8C43B1B}
		{D9FA7FD6-93C9-648A-9340-BD702BAC0089} = {DE628757-50CC-3470-6BD7-EA12C8C43B1B}
		{805F8BCA-20EA-FCC4-4EB9-7C9B5DC06E53} = {DE628757-50CC-3470-6BD7-EA12C8C43B1B}
		{13108FAC-234A-8F0C-A173-9C1C33C28239} = {DE628757-50CC-3470-6BD7-EA12C8C43B1B}
		{44991BFE-203E-6A10-3575-2E895454154B} = {DE628757-50CC-3470-6BD7-EA12C8C43B1B}
		{8F80A8CD-B19C-FAEC-9C30-756CF2FE2DAC} = {7D20A7DA-E1DE-2BD3-099C-56F38AC4E842}
		{6569D3B5-9419-8F4D-F95B-EA241E2E6D42} = {7D20A7DA-E1DE-2BD3-099C-56F38AC4E842}
		{075E809B-CD3D-F53A-5AAA-F26478DC9797} = {7D20A7DA-E1DE-2BD3-099C-56F38AC4E842}
		{129D9781-243A-1C7D-A71B-0EE0DB2A8321} = {7D20A7DA-E1DE-2BD3-099C-56F38AC4E842}
		{7E8F0F1F-6FF3-FDE8-216E-836702184E9D} = {7D20A7DA-E1DE-2BD3-099C-56F38AC4E842}
		{AC70C818-A35A-A39E-A62B-0FEE50EE0571} = {E7C14C61-DFE3-3F33-6420-D8F2D97EBBC3}
		{8E4017B8-8F98-D124-6BCB-5F648B5EE453} = {E7C14C61-DFE3-3F33-6420-D8F2D97EBBC3}
		{C0B5B938-D183-AA02-76C9-6AB72166A74A} = {E7C14C61-DFE3-3F33-6420-D8F2D97EBBC3}
		{0750D866-BD60-E086-0C4F-E7D60F24B12F} = {E7C14C61-DFE3-3F33-6420-D8F2D97EBBC3}
		{5B9C4880-9A07-E7F9-6365-BC65AFF6F962} = {E7C14C61-DFE3-3F33-6420-D8F2D97EBBC3}
		{1C63009C-9465-099B-FE52-15F850E86A37} = {D77586E2-30E1-8D6F-003F-5A1A7CAC30DE}
	EndGlobalSection
EndGlobal
