Microsoft Visual Studio Solution File, Format Version 12.00
# Visual Studio Version 18
VisualStudioVersion = 18.0.0.0
MinimumVisualStudioVersion = 10.0.40219.1
Project("{FAE04EC0-301F-11D3-BF4B-00C04F79EFBC}") = "Fintrox.Api", "src\Fintrox.Api\Fintrox.Api.csproj", "{7A2431E9-77E2-4A12-8F7A-3F29DB6DCB8D}"
EndProject
Project("{FAE04EC0-301F-11D3-BF4B-00C04F79EFBC}") = "Fintrox.Application", "src\Fintrox.Application\Fintrox.Application.csproj", "{A47F04C1-DF91-4BE5-A411-1DCB01AA8D36}"
EndProject
Project("{FAE04EC0-301F-11D3-BF4B-00C04F79EFBC}") = "Fintrox.Contracts", "src\Fintrox.Contracts\Fintrox.Contracts.csproj", "{E117F48A-F7BE-4A4A-9965-B73976794352}"
EndProject
Project("{FAE04EC0-301F-11D3-BF4B-00C04F79EFBC}") = "Fintrox.Domain", "src\Fintrox.Domain\Fintrox.Domain.csproj", "{7B555DFC-2FB5-4780-A822-6635A2CCDFCB}"
EndProject
Project("{FAE04EC0-301F-11D3-BF4B-00C04F79EFBC}") = "Fintrox.Infrastructure", "src\Fintrox.Infrastructure\Fintrox.Infrastructure.csproj", "{85F477AB-00B7-4ACF-8D61-253F0AB8978B}"
EndProject
Global
	GlobalSection(SolutionConfigurationPlatforms) = preSolution
		Debug|Any CPU = Debug|Any CPU
		Release|Any CPU = Release|Any CPU
	EndGlobalSection
	GlobalSection(ProjectConfigurationPlatforms) = postSolution
		{7A2431E9-77E2-4A12-8F7A-3F29DB6DCB8D}.Debug|Any CPU.ActiveCfg = Debug|Any CPU
		{7A2431E9-77E2-4A12-8F7A-3F29DB6DCB8D}.Debug|Any CPU.Build.0 = Debug|Any CPU
		{7A2431E9-77E2-4A12-8F7A-3F29DB6DCB8D}.Release|Any CPU.ActiveCfg = Release|Any CPU
		{7A2431E9-77E2-4A12-8F7A-3F29DB6DCB8D}.Release|Any CPU.Build.0 = Release|Any CPU
		{A47F04C1-DF91-4BE5-A411-1DCB01AA8D36}.Debug|Any CPU.ActiveCfg = Debug|Any CPU
		{A47F04C1-DF91-4BE5-A411-1DCB01AA8D36}.Debug|Any CPU.Build.0 = Debug|Any CPU
		{A47F04C1-DF91-4BE5-A411-1DCB01AA8D36}.Release|Any CPU.ActiveCfg = Release|Any CPU
		{A47F04C1-DF91-4BE5-A411-1DCB01AA8D36}.Release|Any CPU.Build.0 = Release|Any CPU
		{E117F48A-F7BE-4A4A-9965-B73976794352}.Debug|Any CPU.ActiveCfg = Debug|Any CPU
		{E117F48A-F7BE-4A4A-9965-B73976794352}.Debug|Any CPU.Build.0 = Debug|Any CPU
		{E117F48A-F7BE-4A4A-9965-B73976794352}.Release|Any CPU.ActiveCfg = Release|Any CPU
		{E117F48A-F7BE-4A4A-9965-B73976794352}.Release|Any CPU.Build.0 = Release|Any CPU
		{7B555DFC-2FB5-4780-A822-6635A2CCDFCB}.Debug|Any CPU.ActiveCfg = Debug|Any CPU
		{7B555DFC-2FB5-4780-A822-6635A2CCDFCB}.Debug|Any CPU.Build.0 = Debug|Any CPU
		{7B555DFC-2FB5-4780-A822-6635A2CCDFCB}.Release|Any CPU.ActiveCfg = Release|Any CPU
		{7B555DFC-2FB5-4780-A822-6635A2CCDFCB}.Release|Any CPU.Build.0 = Release|Any CPU
		{85F477AB-00B7-4ACF-8D61-253F0AB8978B}.Debug|Any CPU.ActiveCfg = Debug|Any CPU
		{85F477AB-00B7-4ACF-8D61-253F0AB8978B}.Debug|Any CPU.Build.0 = Debug|Any CPU
		{85F477AB-00B7-4ACF-8D61-253F0AB8978B}.Release|Any CPU.ActiveCfg = Release|Any CPU
		{85F477AB-00B7-4ACF-8D61-253F0AB8978B}.Release|Any CPU.Build.0 = Release|Any CPU
	EndGlobalSection
	GlobalSection(SolutionProperties) = preSolution
		HideSolutionNode = FALSE
	EndGlobalSection
EndGlobal
